// !$*UTF8*$!
{
	archiveVersion = 1;
	classes = {
	};
	objectVersion = 56;
	objects = {

/* Begin PBXBuildFile section */
		08A67298486B4562E2D7A34D /* Pods_ios_study_bool.framework in Frameworks */ = {isa = PBXBuildFile; fileRef = E92F4BAD3A2EEECF87152C21 /* Pods_ios_study_bool.framework */; };
		A00ADE932D042AC500475128 /* CusDataByNotificationViewController.m in Sources */ = {isa = PBXBuildFile; fileRef = A00ADE922D042AC500475128 /* CusDataByNotificationViewController.m */; };
		A00ADE982D042EA300475128 /* CusDataByKVOViewController.m in Sources */ = {isa = PBXBuildFile; fileRef = A00ADE972D042EA300475128 /* CusDataByKVOViewController.m */; };
		A00ADE9F2D05327300475128 /* CusNetWorkViewController.m in Sources */ = {isa = PBXBuildFile; fileRef = A00ADE9E2D05327300475128 /* CusNetWorkViewController.m */; };
		A00ADEA32D0532B500475128 /* CusNetworkUserModel.m in Sources */ = {isa = PBXBuildFile; fileRef = A00ADEA22D0532B500475128 /* CusNetworkUserModel.m */; };
		A00ADEA62D05914600475128 /* CusNetworkManager.m in Sources */ = {isa = PBXBuildFile; fileRef = A00ADEA52D05914600475128 /* CusNetworkManager.m */; };
		A00ADEA92D05BA9500475128 /* CusAFNetworkManager.m in Sources */ = {isa = PBXBuildFile; fileRef = A00ADEA82D05BA9500475128 /* CusAFNetworkManager.m */; };
		A00ADEB22D05CD1300475128 /* CusThreadAsyncViewController.m in Sources */ = {isa = PBXBuildFile; fileRef = A00ADEB12D05CD1300475128 /* CusThreadAsyncViewController.m */; };
		A076B27C2B5B732400AAE9C5 /* LangManager.m in Sources */ = {isa = PBXBuildFile; fileRef = A076B27B2B5B732400AAE9C5 /* LangManager.m */; };
		A076B2832B5B8C5200AAE9C5 /* UILabelViewController.m in Sources */ = {isa = PBXBuildFile; fileRef = A076B2822B5B8C5200AAE9C5 /* UILabelViewController.m */; };
		A076B2862B5B8CA400AAE9C5 /* ScreenUtil.m in Sources */ = {isa = PBXBuildFile; fileRef = A076B2852B5B8CA400AAE9C5 /* ScreenUtil.m */; };
		A076B2892B5CF55B00AAE9C5 /* UIComponentsViewController.m in Sources */ = {isa = PBXBuildFile; fileRef = A076B2882B5CF55B00AAE9C5 /* UIComponentsViewController.m */; };
		A076B28C2B5D07A900AAE9C5 /* CustomTableViewCell.m in Sources */ = {isa = PBXBuildFile; fileRef = A076B28B2B5D07A900AAE9C5 /* CustomTableViewCell.m */; };
		A076B2922B5D38AE00AAE9C5 /* UIButtonViewController.m in Sources */ = {isa = PBXBuildFile; fileRef = A076B2912B5D38AE00AAE9C5 /* UIButtonViewController.m */; };
		A076B2952B60014400AAE9C5 /* UIImageViewController.m in Sources */ = {isa = PBXBuildFile; fileRef = A076B2942B60014400AAE9C5 /* UIImageViewController.m */; };
		A076B29A2B601D6200AAE9C5 /* 动画图片 in Resources */ = {isa = PBXBuildFile; fileRef = A076B2992B601D6200AAE9C5 /* 动画图片 */; };
		A07DF4952B5427ED00D0275E /* AppDelegate.m in Sources */ = {isa = PBXBuildFile; fileRef = A07DF4942B5427ED00D0275E /* AppDelegate.m */; };
		A07DF4982B5427ED00D0275E /* SceneDelegate.m in Sources */ = {isa = PBXBuildFile; fileRef = A07DF4972B5427ED00D0275E /* SceneDelegate.m */; };
		A07DF49B2B5427ED00D0275E /* ViewController.m in Sources */ = {isa = PBXBuildFile; fileRef = A07DF49A2B5427ED00D0275E /* ViewController.m */; };
		A07DF49E2B5427ED00D0275E /* Main.storyboard in Resources */ = {isa = PBXBuildFile; fileRef = A07DF49C2B5427ED00D0275E /* Main.storyboard */; };
		A07DF4A12B5427ED00D0275E /* ios_study_bool.xcdatamodeld in Sources */ = {isa = PBXBuildFile; fileRef = A07DF49F2B5427ED00D0275E /* ios_study_bool.xcdatamodeld */; };
		A07DF4A32B5427EE00D0275E /* Assets.xcassets in Resources */ = {isa = PBXBuildFile; fileRef = A07DF4A22B5427EE00D0275E /* Assets.xcassets */; };
		A07DF4A62B5427EE00D0275E /* LaunchScreen.storyboard in Resources */ = {isa = PBXBuildFile; fileRef = A07DF4A42B5427EE00D0275E /* LaunchScreen.storyboard */; };
		A07DF4A92B5427EE00D0275E /* main.m in Sources */ = {isa = PBXBuildFile; fileRef = A07DF4A82B5427EE00D0275E /* main.m */; };
		A07DF4B32B5427EE00D0275E /* ios_study_boolTests.m in Sources */ = {isa = PBXBuildFile; fileRef = A07DF4B22B5427EE00D0275E /* ios_study_boolTests.m */; };
		A07DF4BD2B5427EE00D0275E /* ios_study_boolUITests.m in Sources */ = {isa = PBXBuildFile; fileRef = A07DF4BC2B5427EE00D0275E /* ios_study_boolUITests.m */; };
		A07DF4BF2B5427EE00D0275E /* ios_study_boolUITestsLaunchTests.m in Sources */ = {isa = PBXBuildFile; fileRef = A07DF4BE2B5427EE00D0275E /* ios_study_boolUITestsLaunchTests.m */; };
		A0AE535D2B5572740075EAA4 /* KeyWordViewController.m in Sources */ = {isa = PBXBuildFile; fileRef = A0AE535C2B5572740075EAA4 /* KeyWordViewController.m */; };
		A0AE53682B5573C20075EAA4 /* PartCellModel.m in Sources */ = {isa = PBXBuildFile; fileRef = A0AE53672B5573C20075EAA4 /* PartCellModel.m */; };
		A0BBD36A2D06FE3500947154 /* CusRunLoopEventViewController.m in Sources */ = {isa = PBXBuildFile; fileRef = A0BBD3692D06FE3500947154 /* CusRunLoopEventViewController.m */; };
		A0BBD36D2D07134800947154 /* RUNLoop.jpg in Resources */ = {isa = PBXBuildFile; fileRef = A0BBD36C2D07134800947154 /* RUNLoop.jpg */; };
		A0C1EF382B613448004EE0AE /* UISwitchViewController.m in Sources */ = {isa = PBXBuildFile; fileRef = A0C1EF372B613448004EE0AE /* UISwitchViewController.m */; };
		A0C1EF3B2B6139A4004EE0AE /* UITextFieldViewController.m in Sources */ = {isa = PBXBuildFile; fileRef = A0C1EF3A2B6139A4004EE0AE /* UITextFieldViewController.m */; };
		A0C1EF3E2B628A99004EE0AE /* UITextViewController.m in Sources */ = {isa = PBXBuildFile; fileRef = A0C1EF3D2B628A99004EE0AE /* UITextViewController.m */; };
		A0C1EF412B63DCFD004EE0AE /* UISliderViewController.m in Sources */ = {isa = PBXBuildFile; fileRef = A0C1EF402B63DCFD004EE0AE /* UISliderViewController.m */; };
		A0C1EF442B63F6DC004EE0AE /* UIProgressViewController.m in Sources */ = {isa = PBXBuildFile; fileRef = A0C1EF432B63F6DC004EE0AE /* UIProgressViewController.m */; };
		A0C1EF472B64A14E004EE0AE /* CusUITableViewController.m in Sources */ = {isa = PBXBuildFile; fileRef = A0C1EF462B64A14E004EE0AE /* CusUITableViewController.m */; };
		A0C1EF4D2B64EB5C004EE0AE /* FakeUtil.m in Sources */ = {isa = PBXBuildFile; fileRef = A0C1EF4C2B64EB5C004EE0AE /* FakeUtil.m */; };
		A0C1EF532B661DE4004EE0AE /* CusUICollectionViewController.m in Sources */ = {isa = PBXBuildFile; fileRef = A0C1EF522B661DE4004EE0AE /* CusUICollectionViewController.m */; };
		A0C1EF562B6DE196004EE0AE /* CusScrollViewController.m in Sources */ = {isa = PBXBuildFile; fileRef = A0C1EF552B6DE196004EE0AE /* CusScrollViewController.m */; };
		A0C1EF592B6E3F15004EE0AE /* CusPageControlViewController.m in Sources */ = {isa = PBXBuildFile; fileRef = A0C1EF582B6E3F15004EE0AE /* CusPageControlViewController.m */; };
		A0C1EF5C2B75EB39004EE0AE /* CusSegmentedControlViewController.m in Sources */ = {isa = PBXBuildFile; fileRef = A0C1EF5B2B75EB39004EE0AE /* CusSegmentedControlViewController.m */; };
		A0C1EF5F2B78C999004EE0AE /* CusUITabbarViewController.m in Sources */ = {isa = PBXBuildFile; fileRef = A0C1EF5E2B78C999004EE0AE /* CusUITabbarViewController.m */; };
		A0C1EF622B78FD20004EE0AE /* UINavigationViewController.m in Sources */ = {isa = PBXBuildFile; fileRef = A0C1EF612B78FD20004EE0AE /* UINavigationViewController.m */; };
		A0C1EF662B7B1619004EE0AE /* TipUtil.m in Sources */ = {isa = PBXBuildFile; fileRef = A0C1EF652B7B1619004EE0AE /* TipUtil.m */; };
		A0C1EF6C2B7B6052004EE0AE /* UIAlertViewController.m in Sources */ = {isa = PBXBuildFile; fileRef = A0C1EF6B2B7B6052004EE0AE /* UIAlertViewController.m */; };
		A0C1EF702B7B612F004EE0AE /* IntroductionViewController.m in Sources */ = {isa = PBXBuildFile; fileRef = A0C1EF6F2B7B612F004EE0AE /* IntroductionViewController.m */; };
		A0C1EF732B7C4517004EE0AE /* ToastUtil.m in Sources */ = {isa = PBXBuildFile; fileRef = A0C1EF722B7C4517004EE0AE /* ToastUtil.m */; };
		A0C1EF762B7C6F74004EE0AE /* CusUIPickerViewController.m in Sources */ = {isa = PBXBuildFile; fileRef = A0C1EF752B7C6F74004EE0AE /* CusUIPickerViewController.m */; };
		A0C1EF7C2B7CE00B004EE0AE /* CusUIDatePickerViewController.m in Sources */ = {isa = PBXBuildFile; fileRef = A0C1EF7B2B7CE00B004EE0AE /* CusUIDatePickerViewController.m */; };
		A0C1EF7F2B7CEC76004EE0AE /* CusActivityIndicatorViewController.m in Sources */ = {isa = PBXBuildFile; fileRef = A0C1EF7E2B7CEC76004EE0AE /* CusActivityIndicatorViewController.m */; };
		A0C1EF822B7CFA43004EE0AE /* CusUIWebViewViewController.m in Sources */ = {isa = PBXBuildFile; fileRef = A0C1EF812B7CFA43004EE0AE /* CusUIWebViewViewController.m */; };
		A0C1EF882B7D0EDB004EE0AE /* CusWKWebViewController.m in Sources */ = {isa = PBXBuildFile; fileRef = A0C1EF872B7D0EDB004EE0AE /* CusWKWebViewController.m */; };
		A0C1EF8E2B7DAD5F004EE0AE /* CusPresentationViewController.m in Sources */ = {isa = PBXBuildFile; fileRef = A0C1EF8D2B7DAD5F004EE0AE /* CusPresentationViewController.m */; };
		A0C1EF952B7DB2D1004EE0AE /* MyPopupViewController.m in Sources */ = {isa = PBXBuildFile; fileRef = A0C1EF942B7DB2D1004EE0AE /* MyPopupViewController.m */; };
		A0C1EF9D2B7DC5C2004EE0AE /* CusEventViewController.m in Sources */ = {isa = PBXBuildFile; fileRef = A0C1EF9C2B7DC5C2004EE0AE /* CusEventViewController.m */; };
		A0C1EFA12B7DD29F004EE0AE /* CusDelegationViewController.m in Sources */ = {isa = PBXBuildFile; fileRef = A0C1EFA02B7DD29F004EE0AE /* CusDelegationViewController.m */; };
		A0C1EFA52B7DEA67004EE0AE /* CusNotificationViewController.m in Sources */ = {isa = PBXBuildFile; fileRef = A0C1EFA42B7DEA67004EE0AE /* CusNotificationViewController.m */; };
		A0C1EFA92B7DF788004EE0AE /* CusTargetActionViewController.m in Sources */ = {isa = PBXBuildFile; fileRef = A0C1EFA82B7DF788004EE0AE /* CusTargetActionViewController.m */; };
		A0C1EFAD2B7DFF19004EE0AE /* CusGesRegViewController.m in Sources */ = {isa = PBXBuildFile; fileRef = A0C1EFAC2B7DFF19004EE0AE /* CusGesRegViewController.m */; };
		A0C1EFB02B7E04C6004EE0AE /* TripleTapGestureRecognizer.m in Sources */ = {isa = PBXBuildFile; fileRef = A0C1EFAF2B7E04C6004EE0AE /* TripleTapGestureRecognizer.m */; };
		A0C1EFB42B7E2377004EE0AE /* CusEventTransferViewController.m in Sources */ = {isa = PBXBuildFile; fileRef = A0C1EFB32B7E2377004EE0AE /* CusEventTransferViewController.m */; };
		A0C1EFB82B7E2FAF004EE0AE /* CusUINavigationViewController.m in Sources */ = {isa = PBXBuildFile; fileRef = A0C1EFB72B7E2FAF004EE0AE /* CusUINavigationViewController.m */; };
		A0C1EFBC2B7E33F7004EE0AE /* CusRouteViewController.m in Sources */ = {isa = PBXBuildFile; fileRef = A0C1EFBB2B7E33F7004EE0AE /* CusRouteViewController.m */; };
		A0C1EFC02B7F02DA004EE0AE /* CusRouteCaseViewController.m in Sources */ = {isa = PBXBuildFile; fileRef = A0C1EFBF2B7F02DA004EE0AE /* CusRouteCaseViewController.m */; };
		A0C1EFC72B7F5007004EE0AE /* CTMediator.m in Sources */ = {isa = PBXBuildFile; fileRef = A0C1EFC62B7F5007004EE0AE /* CTMediator.m */; };
		A0C1EFCA2B7F54BD004EE0AE /* ANewViewController.m in Sources */ = {isa = PBXBuildFile; fileRef = A0C1EFC92B7F54BD004EE0AE /* ANewViewController.m */; };
		A0C1EFCD2B7F83EB004EE0AE /* BNewViewController.m in Sources */ = {isa = PBXBuildFile; fileRef = A0C1EFCC2B7F83EB004EE0AE /* BNewViewController.m */; };
		A0C1EFD22B7F9BE9004EE0AE /* CusAnimateViewController.m in Sources */ = {isa = PBXBuildFile; fileRef = A0C1EFD12B7F9BE9004EE0AE /* CusAnimateViewController.m */; };
		A0C1EFD62B805F8F004EE0AE /* CusStorageViewController.m in Sources */ = {isa = PBXBuildFile; fileRef = A0C1EFD52B805F8F004EE0AE /* CusStorageViewController.m */; };
		A0C1EFD92B8080F6004EE0AE /* CusUserDefaultViewController.m in Sources */ = {isa = PBXBuildFile; fileRef = A0C1EFD82B8080F6004EE0AE /* CusUserDefaultViewController.m */; };
		A0C1EFDB2B80B83F004EE0AE /* 架构图 in Resources */ = {isa = PBXBuildFile; fileRef = A0C1EFDA2B80B83F004EE0AE /* 架构图 */; };
		A0C1EFDF2B80D916004EE0AE /* CusFileManagerViewController.m in Sources */ = {isa = PBXBuildFile; fileRef = A0C1EFDE2B80D916004EE0AE /* CusFileManagerViewController.m */; };
		A0C1EFE22B821C2E004EE0AE /* CusPropertyListViewController.m in Sources */ = {isa = PBXBuildFile; fileRef = A0C1EFE12B821C2E004EE0AE /* CusPropertyListViewController.m */; };
		A0C1EFE82B8229D8004EE0AE /* CusArchiveViewController.m in Sources */ = {isa = PBXBuildFile; fileRef = A0C1EFE72B8229D8004EE0AE /* CusArchiveViewController.m */; };
		A0C1EFEB2B82DA63004EE0AE /* CusSqLiteViewController.m in Sources */ = {isa = PBXBuildFile; fileRef = A0C1EFEA2B82DA63004EE0AE /* CusSqLiteViewController.m */; };
		A0C1EFEE2B86419C004EE0AE /* CusKeyChainViewController.m in Sources */ = {isa = PBXBuildFile; fileRef = A0C1EFED2B86419C004EE0AE /* CusKeyChainViewController.m */; };
		A0E3295C2D031FE700E5EEB3 /* CusDataTransViewController.m in Sources */ = {isa = PBXBuildFile; fileRef = A0E3295B2D031FE700E5EEB3 /* CusDataTransViewController.m */; };
		A0E3295F2D032AF200E5EEB3 /* CusDataByDelegateViewController.m in Sources */ = {isa = PBXBuildFile; fileRef = A0E3295E2D032AF200E5EEB3 /* CusDataByDelegateViewController.m */; };
		A0E329622D03E0C500E5EEB3 /* CusCompletionViewController.m in Sources */ = {isa = PBXBuildFile; fileRef = A0E329612D03E0C500E5EEB3 /* CusCompletionViewController.m */; };
/* End PBXBuildFile section */

/* Begin PBXContainerItemProxy section */
		A07DF4AF2B5427EE00D0275E /* PBXContainerItemProxy */ = {
			isa = PBXContainerItemProxy;
			containerPortal = A07DF4882B5427ED00D0275E /* Project object */;
			proxyType = 1;
			remoteGlobalIDString = A07DF48F2B5427ED00D0275E;
			remoteInfo = ios_study_bool;
		};
		A07DF4B92B5427EE00D0275E /* PBXContainerItemProxy */ = {
			isa = PBXContainerItemProxy;
			containerPortal = A07DF4882B5427ED00D0275E /* Project object */;
			proxyType = 1;
			remoteGlobalIDString = A07DF48F2B5427ED00D0275E;
			remoteInfo = ios_study_bool;
		};
/* End PBXContainerItemProxy section */

/* Begin PBXFileReference section */
		1E9FE7C685B53FB9B64634EE /* Pods-ios_study_bool.debug.xcconfig */ = {isa = PBXFileReference; includeInIndex = 1; lastKnownFileType = text.xcconfig; name = "Pods-ios_study_bool.debug.xcconfig"; path = "Target Support Files/Pods-ios_study_bool/Pods-ios_study_bool.debug.xcconfig"; sourceTree = "<group>"; };
		7ACC0FDE30B9677E90B67120 /* Pods-ios_study_bool.release.xcconfig */ = {isa = PBXFileReference; includeInIndex = 1; lastKnownFileType = text.xcconfig; name = "Pods-ios_study_bool.release.xcconfig"; path = "Target Support Files/Pods-ios_study_bool/Pods-ios_study_bool.release.xcconfig"; sourceTree = "<group>"; };
		A00ADE912D042AC500475128 /* CusDataByNotificationViewController.h */ = {isa = PBXFileReference; lastKnownFileType = sourcecode.c.h; path = CusDataByNotificationViewController.h; sourceTree = "<group>"; };
		A00ADE922D042AC500475128 /* CusDataByNotificationViewController.m */ = {isa = PBXFileReference; lastKnownFileType = sourcecode.c.objc; path = CusDataByNotificationViewController.m; sourceTree = "<group>"; };
		A00ADE962D042EA300475128 /* CusDataByKVOViewController.h */ = {isa = PBXFileReference; lastKnownFileType = sourcecode.c.h; path = CusDataByKVOViewController.h; sourceTree = "<group>"; };
		A00ADE972D042EA300475128 /* CusDataByKVOViewController.m */ = {isa = PBXFileReference; lastKnownFileType = sourcecode.c.objc; path = CusDataByKVOViewController.m; sourceTree = "<group>"; };
		A00ADE992D043E4900475128 /* ios_study_bool-Bridging-Header.h */ = {isa = PBXFileReference; lastKnownFileType = sourcecode.c.h; path = "ios_study_bool-Bridging-Header.h"; sourceTree = "<group>"; };
		A00ADE9D2D05327300475128 /* CusNetWorkViewController.h */ = {isa = PBXFileReference; lastKnownFileType = sourcecode.c.h; path = CusNetWorkViewController.h; sourceTree = "<group>"; };
		A00ADE9E2D05327300475128 /* CusNetWorkViewController.m */ = {isa = PBXFileReference; lastKnownFileType = sourcecode.c.objc; path = CusNetWorkViewController.m; sourceTree = "<group>"; };
		A00ADEA12D0532B500475128 /* CusNetworkUserModel.h */ = {isa = PBXFileReference; lastKnownFileType = sourcecode.c.h; path = CusNetworkUserModel.h; sourceTree = "<group>"; };
		A00ADEA22D0532B500475128 /* CusNetworkUserModel.m */ = {isa = PBXFileReference; lastKnownFileType = sourcecode.c.objc; path = CusNetworkUserModel.m; sourceTree = "<group>"; };
		A00ADEA42D05914600475128 /* CusNetworkManager.h */ = {isa = PBXFileReference; lastKnownFileType = sourcecode.c.h; path = CusNetworkManager.h; sourceTree = "<group>"; };
		A00ADEA52D05914600475128 /* CusNetworkManager.m */ = {isa = PBXFileReference; lastKnownFileType = sourcecode.c.objc; path = CusNetworkManager.m; sourceTree = "<group>"; };
		A00ADEA72D05BA9500475128 /* CusAFNetworkManager.h */ = {isa = PBXFileReference; lastKnownFileType = sourcecode.c.h; path = CusAFNetworkManager.h; sourceTree = "<group>"; };
		A00ADEA82D05BA9500475128 /* CusAFNetworkManager.m */ = {isa = PBXFileReference; lastKnownFileType = sourcecode.c.objc; path = CusAFNetworkManager.m; sourceTree = "<group>"; };
		A00ADEB02D05CD1300475128 /* CusThreadAsyncViewController.h */ = {isa = PBXFileReference; fileEncoding = 4; lastKnownFileType = sourcecode.c.h; name = CusThreadAsyncViewController.h; path = "ios_study_bool/oc实验室/中级/多线程与异步/CusThreadAsyncViewController.h"; sourceTree = SOURCE_ROOT; };
		A00ADEB12D05CD1300475128 /* CusThreadAsyncViewController.m */ = {isa = PBXFileReference; fileEncoding = 4; lastKnownFileType = sourcecode.c.objc; name = CusThreadAsyncViewController.m; path = "ios_study_bool/oc实验室/中级/多线程与异步/CusThreadAsyncViewController.m"; sourceTree = SOURCE_ROOT; };
		A076B27A2B5B732400AAE9C5 /* LangManager.h */ = {isa = PBXFileReference; lastKnownFileType = sourcecode.c.h; path = LangManager.h; sourceTree = "<group>"; };
		A076B27B2B5B732400AAE9C5 /* LangManager.m */ = {isa = PBXFileReference; lastKnownFileType = sourcecode.c.objc; path = LangManager.m; sourceTree = "<group>"; };
		A076B2812B5B8C5200AAE9C5 /* UILabelViewController.h */ = {isa = PBXFileReference; lastKnownFileType = sourcecode.c.h; path = UILabelViewController.h; sourceTree = "<group>"; };
		A076B2822B5B8C5200AAE9C5 /* UILabelViewController.m */ = {isa = PBXFileReference; lastKnownFileType = sourcecode.c.objc; path = UILabelViewController.m; sourceTree = "<group>"; };
		A076B2842B5B8CA400AAE9C5 /* ScreenUtil.h */ = {isa = PBXFileReference; lastKnownFileType = sourcecode.c.h; path = ScreenUtil.h; sourceTree = "<group>"; };
		A076B2852B5B8CA400AAE9C5 /* ScreenUtil.m */ = {isa = PBXFileReference; lastKnownFileType = sourcecode.c.objc; path = ScreenUtil.m; sourceTree = "<group>"; };
		A076B2872B5CF55B00AAE9C5 /* UIComponentsViewController.h */ = {isa = PBXFileReference; lastKnownFileType = sourcecode.c.h; path = UIComponentsViewController.h; sourceTree = "<group>"; };
		A076B2882B5CF55B00AAE9C5 /* UIComponentsViewController.m */ = {isa = PBXFileReference; lastKnownFileType = sourcecode.c.objc; path = UIComponentsViewController.m; sourceTree = "<group>"; };
		A076B28A2B5D07A900AAE9C5 /* CustomTableViewCell.h */ = {isa = PBXFileReference; lastKnownFileType = sourcecode.c.h; path = CustomTableViewCell.h; sourceTree = "<group>"; };
		A076B28B2B5D07A900AAE9C5 /* CustomTableViewCell.m */ = {isa = PBXFileReference; lastKnownFileType = sourcecode.c.objc; path = CustomTableViewCell.m; sourceTree = "<group>"; };
		A076B2902B5D38AE00AAE9C5 /* UIButtonViewController.h */ = {isa = PBXFileReference; lastKnownFileType = sourcecode.c.h; path = UIButtonViewController.h; sourceTree = "<group>"; };
		A076B2912B5D38AE00AAE9C5 /* UIButtonViewController.m */ = {isa = PBXFileReference; lastKnownFileType = sourcecode.c.objc; path = UIButtonViewController.m; sourceTree = "<group>"; };
		A076B2932B60014400AAE9C5 /* UIImageViewController.h */ = {isa = PBXFileReference; lastKnownFileType = sourcecode.c.h; path = UIImageViewController.h; sourceTree = "<group>"; };
		A076B2942B60014400AAE9C5 /* UIImageViewController.m */ = {isa = PBXFileReference; lastKnownFileType = sourcecode.c.objc; path = UIImageViewController.m; sourceTree = "<group>"; };
		A076B2992B601D6200AAE9C5 /* 动画图片 */ = {isa = PBXFileReference; lastKnownFileType = folder; path = "动画图片"; sourceTree = "<group>"; };
		A07DF4902B5427ED00D0275E /* ios_study_bool.app */ = {isa = PBXFileReference; explicitFileType = wrapper.application; includeInIndex = 0; path = ios_study_bool.app; sourceTree = BUILT_PRODUCTS_DIR; };
		A07DF4932B5427ED00D0275E /* AppDelegate.h */ = {isa = PBXFileReference; lastKnownFileType = sourcecode.c.h; path = AppDelegate.h; sourceTree = "<group>"; };
		A07DF4942B5427ED00D0275E /* AppDelegate.m */ = {isa = PBXFileReference; lastKnownFileType = sourcecode.c.objc; path = AppDelegate.m; sourceTree = "<group>"; };
		A07DF4962B5427ED00D0275E /* SceneDelegate.h */ = {isa = PBXFileReference; lastKnownFileType = sourcecode.c.h; path = SceneDelegate.h; sourceTree = "<group>"; };
		A07DF4972B5427ED00D0275E /* SceneDelegate.m */ = {isa = PBXFileReference; lastKnownFileType = sourcecode.c.objc; path = SceneDelegate.m; sourceTree = "<group>"; };
		A07DF4992B5427ED00D0275E /* ViewController.h */ = {isa = PBXFileReference; lastKnownFileType = sourcecode.c.h; path = ViewController.h; sourceTree = "<group>"; };
		A07DF49A2B5427ED00D0275E /* ViewController.m */ = {isa = PBXFileReference; lastKnownFileType = sourcecode.c.objc; path = ViewController.m; sourceTree = "<group>"; };
		A07DF49D2B5427ED00D0275E /* Base */ = {isa = PBXFileReference; lastKnownFileType = file.storyboard; name = Base; path = Base.lproj/Main.storyboard; sourceTree = "<group>"; };
		A07DF4A02B5427ED00D0275E /* ios_study_bool.xcdatamodel */ = {isa = PBXFileReference; lastKnownFileType = wrapper.xcdatamodel; path = ios_study_bool.xcdatamodel; sourceTree = "<group>"; };
		A07DF4A22B5427EE00D0275E /* Assets.xcassets */ = {isa = PBXFileReference; lastKnownFileType = folder.assetcatalog; path = Assets.xcassets; sourceTree = "<group>"; };
		A07DF4A52B5427EE00D0275E /* Base */ = {isa = PBXFileReference; lastKnownFileType = file.storyboard; name = Base; path = Base.lproj/LaunchScreen.storyboard; sourceTree = "<group>"; };
		A07DF4A72B5427EE00D0275E /* Info.plist */ = {isa = PBXFileReference; lastKnownFileType = text.plist.xml; path = Info.plist; sourceTree = "<group>"; };
		A07DF4A82B5427EE00D0275E /* main.m */ = {isa = PBXFileReference; lastKnownFileType = sourcecode.c.objc; path = main.m; sourceTree = "<group>"; };
		A07DF4AE2B5427EE00D0275E /* ios_study_boolTests.xctest */ = {isa = PBXFileReference; explicitFileType = wrapper.cfbundle; includeInIndex = 0; path = ios_study_boolTests.xctest; sourceTree = BUILT_PRODUCTS_DIR; };
		A07DF4B22B5427EE00D0275E /* ios_study_boolTests.m */ = {isa = PBXFileReference; lastKnownFileType = sourcecode.c.objc; path = ios_study_boolTests.m; sourceTree = "<group>"; };
		A07DF4B82B5427EE00D0275E /* ios_study_boolUITests.xctest */ = {isa = PBXFileReference; explicitFileType = wrapper.cfbundle; includeInIndex = 0; path = ios_study_boolUITests.xctest; sourceTree = BUILT_PRODUCTS_DIR; };
		A07DF4BC2B5427EE00D0275E /* ios_study_boolUITests.m */ = {isa = PBXFileReference; lastKnownFileType = sourcecode.c.objc; path = ios_study_boolUITests.m; sourceTree = "<group>"; };
		A07DF4BE2B5427EE00D0275E /* ios_study_boolUITestsLaunchTests.m */ = {isa = PBXFileReference; lastKnownFileType = sourcecode.c.objc; path = ios_study_boolUITestsLaunchTests.m; sourceTree = "<group>"; };
		A0AE535B2B5572740075EAA4 /* KeyWordViewController.h */ = {isa = PBXFileReference; lastKnownFileType = sourcecode.c.h; path = KeyWordViewController.h; sourceTree = "<group>"; };
		A0AE535C2B5572740075EAA4 /* KeyWordViewController.m */ = {isa = PBXFileReference; lastKnownFileType = sourcecode.c.objc; path = KeyWordViewController.m; sourceTree = "<group>"; };
		A0AE53662B5573C20075EAA4 /* PartCellModel.h */ = {isa = PBXFileReference; lastKnownFileType = sourcecode.c.h; path = PartCellModel.h; sourceTree = "<group>"; };
		A0AE53672B5573C20075EAA4 /* PartCellModel.m */ = {isa = PBXFileReference; lastKnownFileType = sourcecode.c.objc; path = PartCellModel.m; sourceTree = "<group>"; };
		A0BBD3682D06FE3500947154 /* CusRunLoopEventViewController.h */ = {isa = PBXFileReference; lastKnownFileType = sourcecode.c.h; path = CusRunLoopEventViewController.h; sourceTree = "<group>"; };
		A0BBD3692D06FE3500947154 /* CusRunLoopEventViewController.m */ = {isa = PBXFileReference; lastKnownFileType = sourcecode.c.objc; path = CusRunLoopEventViewController.m; sourceTree = "<group>"; };
		A0BBD36C2D07134800947154 /* RUNLoop.jpg */ = {isa = PBXFileReference; lastKnownFileType = image.jpeg; path = RUNLoop.jpg; sourceTree = "<group>"; };
		A0C1EF362B613448004EE0AE /* UISwitchViewController.h */ = {isa = PBXFileReference; lastKnownFileType = sourcecode.c.h; path = UISwitchViewController.h; sourceTree = "<group>"; };
		A0C1EF372B613448004EE0AE /* UISwitchViewController.m */ = {isa = PBXFileReference; lastKnownFileType = sourcecode.c.objc; path = UISwitchViewController.m; sourceTree = "<group>"; };
		A0C1EF392B6139A4004EE0AE /* UITextFieldViewController.h */ = {isa = PBXFileReference; lastKnownFileType = sourcecode.c.h; path = UITextFieldViewController.h; sourceTree = "<group>"; };
		A0C1EF3A2B6139A4004EE0AE /* UITextFieldViewController.m */ = {isa = PBXFileReference; lastKnownFileType = sourcecode.c.objc; path = UITextFieldViewController.m; sourceTree = "<group>"; };
		A0C1EF3C2B628A99004EE0AE /* UITextViewController.h */ = {isa = PBXFileReference; lastKnownFileType = sourcecode.c.h; path = UITextViewController.h; sourceTree = "<group>"; };
		A0C1EF3D2B628A99004EE0AE /* UITextViewController.m */ = {isa = PBXFileReference; lastKnownFileType = sourcecode.c.objc; path = UITextViewController.m; sourceTree = "<group>"; };
		A0C1EF3F2B63DCFD004EE0AE /* UISliderViewController.h */ = {isa = PBXFileReference; lastKnownFileType = sourcecode.c.h; path = UISliderViewController.h; sourceTree = "<group>"; };
		A0C1EF402B63DCFD004EE0AE /* UISliderViewController.m */ = {isa = PBXFileReference; lastKnownFileType = sourcecode.c.objc; path = UISliderViewController.m; sourceTree = "<group>"; };
		A0C1EF422B63F6DC004EE0AE /* UIProgressViewController.h */ = {isa = PBXFileReference; lastKnownFileType = sourcecode.c.h; path = UIProgressViewController.h; sourceTree = "<group>"; };
		A0C1EF432B63F6DC004EE0AE /* UIProgressViewController.m */ = {isa = PBXFileReference; lastKnownFileType = sourcecode.c.objc; path = UIProgressViewController.m; sourceTree = "<group>"; };
		A0C1EF452B64A14E004EE0AE /* CusUITableViewController.h */ = {isa = PBXFileReference; lastKnownFileType = sourcecode.c.h; path = CusUITableViewController.h; sourceTree = "<group>"; };
		A0C1EF462B64A14E004EE0AE /* CusUITableViewController.m */ = {isa = PBXFileReference; lastKnownFileType = sourcecode.c.objc; path = CusUITableViewController.m; sourceTree = "<group>"; };
		A0C1EF4B2B64EB5C004EE0AE /* FakeUtil.h */ = {isa = PBXFileReference; lastKnownFileType = sourcecode.c.h; path = FakeUtil.h; sourceTree = "<group>"; };
		A0C1EF4C2B64EB5C004EE0AE /* FakeUtil.m */ = {isa = PBXFileReference; lastKnownFileType = sourcecode.c.objc; path = FakeUtil.m; sourceTree = "<group>"; };
		A0C1EF512B661DE4004EE0AE /* CusUICollectionViewController.h */ = {isa = PBXFileReference; lastKnownFileType = sourcecode.c.h; path = CusUICollectionViewController.h; sourceTree = "<group>"; };
		A0C1EF522B661DE4004EE0AE /* CusUICollectionViewController.m */ = {isa = PBXFileReference; lastKnownFileType = sourcecode.c.objc; path = CusUICollectionViewController.m; sourceTree = "<group>"; };
		A0C1EF542B6DE196004EE0AE /* CusScrollViewController.h */ = {isa = PBXFileReference; lastKnownFileType = sourcecode.c.h; path = CusScrollViewController.h; sourceTree = "<group>"; };
		A0C1EF552B6DE196004EE0AE /* CusScrollViewController.m */ = {isa = PBXFileReference; lastKnownFileType = sourcecode.c.objc; path = CusScrollViewController.m; sourceTree = "<group>"; };
		A0C1EF572B6E3F15004EE0AE /* CusPageControlViewController.h */ = {isa = PBXFileReference; lastKnownFileType = sourcecode.c.h; path = CusPageControlViewController.h; sourceTree = "<group>"; };
		A0C1EF582B6E3F15004EE0AE /* CusPageControlViewController.m */ = {isa = PBXFileReference; lastKnownFileType = sourcecode.c.objc; path = CusPageControlViewController.m; sourceTree = "<group>"; };
		A0C1EF5A2B75EB39004EE0AE /* CusSegmentedControlViewController.h */ = {isa = PBXFileReference; lastKnownFileType = sourcecode.c.h; path = CusSegmentedControlViewController.h; sourceTree = "<group>"; };
		A0C1EF5B2B75EB39004EE0AE /* CusSegmentedControlViewController.m */ = {isa = PBXFileReference; lastKnownFileType = sourcecode.c.objc; path = CusSegmentedControlViewController.m; sourceTree = "<group>"; };
		A0C1EF5D2B78C999004EE0AE /* CusUITabbarViewController.h */ = {isa = PBXFileReference; lastKnownFileType = sourcecode.c.h; path = CusUITabbarViewController.h; sourceTree = "<group>"; };
		A0C1EF5E2B78C999004EE0AE /* CusUITabbarViewController.m */ = {isa = PBXFileReference; lastKnownFileType = sourcecode.c.objc; path = CusUITabbarViewController.m; sourceTree = "<group>"; };
		A0C1EF602B78FD20004EE0AE /* UINavigationViewController.h */ = {isa = PBXFileReference; lastKnownFileType = sourcecode.c.h; path = UINavigationViewController.h; sourceTree = "<group>"; };
		A0C1EF612B78FD20004EE0AE /* UINavigationViewController.m */ = {isa = PBXFileReference; lastKnownFileType = sourcecode.c.objc; path = UINavigationViewController.m; sourceTree = "<group>"; };
		A0C1EF642B7B1619004EE0AE /* TipUtil.h */ = {isa = PBXFileReference; lastKnownFileType = sourcecode.c.h; path = TipUtil.h; sourceTree = "<group>"; };
		A0C1EF652B7B1619004EE0AE /* TipUtil.m */ = {isa = PBXFileReference; lastKnownFileType = sourcecode.c.objc; path = TipUtil.m; sourceTree = "<group>"; };
		A0C1EF6A2B7B6052004EE0AE /* UIAlertViewController.h */ = {isa = PBXFileReference; lastKnownFileType = sourcecode.c.h; path = UIAlertViewController.h; sourceTree = "<group>"; };
		A0C1EF6B2B7B6052004EE0AE /* UIAlertViewController.m */ = {isa = PBXFileReference; lastKnownFileType = sourcecode.c.objc; path = UIAlertViewController.m; sourceTree = "<group>"; };
		A0C1EF6E2B7B612F004EE0AE /* IntroductionViewController.h */ = {isa = PBXFileReference; lastKnownFileType = sourcecode.c.h; path = IntroductionViewController.h; sourceTree = "<group>"; };
		A0C1EF6F2B7B612F004EE0AE /* IntroductionViewController.m */ = {isa = PBXFileReference; lastKnownFileType = sourcecode.c.objc; path = IntroductionViewController.m; sourceTree = "<group>"; };
		A0C1EF712B7C4517004EE0AE /* ToastUtil.h */ = {isa = PBXFileReference; lastKnownFileType = sourcecode.c.h; path = ToastUtil.h; sourceTree = "<group>"; };
		A0C1EF722B7C4517004EE0AE /* ToastUtil.m */ = {isa = PBXFileReference; lastKnownFileType = sourcecode.c.objc; path = ToastUtil.m; sourceTree = "<group>"; };
		A0C1EF742B7C6F74004EE0AE /* CusUIPickerViewController.h */ = {isa = PBXFileReference; lastKnownFileType = sourcecode.c.h; path = CusUIPickerViewController.h; sourceTree = "<group>"; };
		A0C1EF752B7C6F74004EE0AE /* CusUIPickerViewController.m */ = {isa = PBXFileReference; lastKnownFileType = sourcecode.c.objc; path = CusUIPickerViewController.m; sourceTree = "<group>"; };
		A0C1EF7A2B7CE00B004EE0AE /* CusUIDatePickerViewController.h */ = {isa = PBXFileReference; lastKnownFileType = sourcecode.c.h; path = CusUIDatePickerViewController.h; sourceTree = "<group>"; };
		A0C1EF7B2B7CE00B004EE0AE /* CusUIDatePickerViewController.m */ = {isa = PBXFileReference; lastKnownFileType = sourcecode.c.objc; path = CusUIDatePickerViewController.m; sourceTree = "<group>"; };
		A0C1EF7D2B7CEC76004EE0AE /* CusActivityIndicatorViewController.h */ = {isa = PBXFileReference; lastKnownFileType = sourcecode.c.h; path = CusActivityIndicatorViewController.h; sourceTree = "<group>"; };
		A0C1EF7E2B7CEC76004EE0AE /* CusActivityIndicatorViewController.m */ = {isa = PBXFileReference; lastKnownFileType = sourcecode.c.objc; path = CusActivityIndicatorViewController.m; sourceTree = "<group>"; };
		A0C1EF802B7CFA43004EE0AE /* CusUIWebViewViewController.h */ = {isa = PBXFileReference; lastKnownFileType = sourcecode.c.h; path = CusUIWebViewViewController.h; sourceTree = "<group>"; };
		A0C1EF812B7CFA43004EE0AE /* CusUIWebViewViewController.m */ = {isa = PBXFileReference; lastKnownFileType = sourcecode.c.objc; path = CusUIWebViewViewController.m; sourceTree = "<group>"; };
		A0C1EF862B7D0EDB004EE0AE /* CusWKWebViewController.h */ = {isa = PBXFileReference; lastKnownFileType = sourcecode.c.h; path = CusWKWebViewController.h; sourceTree = "<group>"; };
		A0C1EF872B7D0EDB004EE0AE /* CusWKWebViewController.m */ = {isa = PBXFileReference; lastKnownFileType = sourcecode.c.objc; path = CusWKWebViewController.m; sourceTree = "<group>"; };
		A0C1EF8C2B7DAD5F004EE0AE /* CusPresentationViewController.h */ = {isa = PBXFileReference; lastKnownFileType = sourcecode.c.h; path = CusPresentationViewController.h; sourceTree = "<group>"; };
		A0C1EF8D2B7DAD5F004EE0AE /* CusPresentationViewController.m */ = {isa = PBXFileReference; lastKnownFileType = sourcecode.c.objc; path = CusPresentationViewController.m; sourceTree = "<group>"; };
		A0C1EF932B7DB2D1004EE0AE /* MyPopupViewController.h */ = {isa = PBXFileReference; lastKnownFileType = sourcecode.c.h; path = MyPopupViewController.h; sourceTree = "<group>"; };
		A0C1EF942B7DB2D1004EE0AE /* MyPopupViewController.m */ = {isa = PBXFileReference; lastKnownFileType = sourcecode.c.objc; path = MyPopupViewController.m; sourceTree = "<group>"; };
		A0C1EF9B2B7DC5C2004EE0AE /* CusEventViewController.h */ = {isa = PBXFileReference; lastKnownFileType = sourcecode.c.h; path = CusEventViewController.h; sourceTree = "<group>"; };
		A0C1EF9C2B7DC5C2004EE0AE /* CusEventViewController.m */ = {isa = PBXFileReference; lastKnownFileType = sourcecode.c.objc; path = CusEventViewController.m; sourceTree = "<group>"; };
		A0C1EF9F2B7DD29F004EE0AE /* CusDelegationViewController.h */ = {isa = PBXFileReference; lastKnownFileType = sourcecode.c.h; path = CusDelegationViewController.h; sourceTree = "<group>"; };
		A0C1EFA02B7DD29F004EE0AE /* CusDelegationViewController.m */ = {isa = PBXFileReference; lastKnownFileType = sourcecode.c.objc; path = CusDelegationViewController.m; sourceTree = "<group>"; };
		A0C1EFA32B7DEA67004EE0AE /* CusNotificationViewController.h */ = {isa = PBXFileReference; lastKnownFileType = sourcecode.c.h; path = CusNotificationViewController.h; sourceTree = "<group>"; };
		A0C1EFA42B7DEA67004EE0AE /* CusNotificationViewController.m */ = {isa = PBXFileReference; lastKnownFileType = sourcecode.c.objc; path = CusNotificationViewController.m; sourceTree = "<group>"; };
		A0C1EFA72B7DF788004EE0AE /* CusTargetActionViewController.h */ = {isa = PBXFileReference; lastKnownFileType = sourcecode.c.h; path = CusTargetActionViewController.h; sourceTree = "<group>"; };
		A0C1EFA82B7DF788004EE0AE /* CusTargetActionViewController.m */ = {isa = PBXFileReference; lastKnownFileType = sourcecode.c.objc; path = CusTargetActionViewController.m; sourceTree = "<group>"; };
		A0C1EFAB2B7DFF19004EE0AE /* CusGesRegViewController.h */ = {isa = PBXFileReference; lastKnownFileType = sourcecode.c.h; path = CusGesRegViewController.h; sourceTree = "<group>"; };
		A0C1EFAC2B7DFF19004EE0AE /* CusGesRegViewController.m */ = {isa = PBXFileReference; lastKnownFileType = sourcecode.c.objc; path = CusGesRegViewController.m; sourceTree = "<group>"; };
		A0C1EFAE2B7E04C6004EE0AE /* TripleTapGestureRecognizer.h */ = {isa = PBXFileReference; lastKnownFileType = sourcecode.c.h; path = TripleTapGestureRecognizer.h; sourceTree = "<group>"; };
		A0C1EFAF2B7E04C6004EE0AE /* TripleTapGestureRecognizer.m */ = {isa = PBXFileReference; lastKnownFileType = sourcecode.c.objc; path = TripleTapGestureRecognizer.m; sourceTree = "<group>"; };
		A0C1EFB22B7E2377004EE0AE /* CusEventTransferViewController.h */ = {isa = PBXFileReference; lastKnownFileType = sourcecode.c.h; path = CusEventTransferViewController.h; sourceTree = "<group>"; };
		A0C1EFB32B7E2377004EE0AE /* CusEventTransferViewController.m */ = {isa = PBXFileReference; lastKnownFileType = sourcecode.c.objc; path = CusEventTransferViewController.m; sourceTree = "<group>"; };
		A0C1EFB62B7E2FAF004EE0AE /* CusUINavigationViewController.h */ = {isa = PBXFileReference; lastKnownFileType = sourcecode.c.h; path = CusUINavigationViewController.h; sourceTree = "<group>"; };
		A0C1EFB72B7E2FAF004EE0AE /* CusUINavigationViewController.m */ = {isa = PBXFileReference; lastKnownFileType = sourcecode.c.objc; path = CusUINavigationViewController.m; sourceTree = "<group>"; };
		A0C1EFBA2B7E33F7004EE0AE /* CusRouteViewController.h */ = {isa = PBXFileReference; lastKnownFileType = sourcecode.c.h; path = CusRouteViewController.h; sourceTree = "<group>"; };
		A0C1EFBB2B7E33F7004EE0AE /* CusRouteViewController.m */ = {isa = PBXFileReference; lastKnownFileType = sourcecode.c.objc; path = CusRouteViewController.m; sourceTree = "<group>"; };
		A0C1EFBE2B7F02DA004EE0AE /* CusRouteCaseViewController.h */ = {isa = PBXFileReference; lastKnownFileType = sourcecode.c.h; path = CusRouteCaseViewController.h; sourceTree = "<group>"; };
		A0C1EFBF2B7F02DA004EE0AE /* CusRouteCaseViewController.m */ = {isa = PBXFileReference; lastKnownFileType = sourcecode.c.objc; path = CusRouteCaseViewController.m; sourceTree = "<group>"; };
		A0C1EFC52B7F5007004EE0AE /* CTMediator.h */ = {isa = PBXFileReference; lastKnownFileType = sourcecode.c.h; path = CTMediator.h; sourceTree = "<group>"; };
		A0C1EFC62B7F5007004EE0AE /* CTMediator.m */ = {isa = PBXFileReference; lastKnownFileType = sourcecode.c.objc; path = CTMediator.m; sourceTree = "<group>"; };
		A0C1EFC82B7F54BD004EE0AE /* ANewViewController.h */ = {isa = PBXFileReference; lastKnownFileType = sourcecode.c.h; path = ANewViewController.h; sourceTree = "<group>"; };
		A0C1EFC92B7F54BD004EE0AE /* ANewViewController.m */ = {isa = PBXFileReference; lastKnownFileType = sourcecode.c.objc; path = ANewViewController.m; sourceTree = "<group>"; };
		A0C1EFCB2B7F83EB004EE0AE /* BNewViewController.h */ = {isa = PBXFileReference; lastKnownFileType = sourcecode.c.h; path = BNewViewController.h; sourceTree = "<group>"; };
		A0C1EFCC2B7F83EB004EE0AE /* BNewViewController.m */ = {isa = PBXFileReference; lastKnownFileType = sourcecode.c.objc; path = BNewViewController.m; sourceTree = "<group>"; };
		A0C1EFD02B7F9BE9004EE0AE /* CusAnimateViewController.h */ = {isa = PBXFileReference; lastKnownFileType = sourcecode.c.h; path = CusAnimateViewController.h; sourceTree = "<group>"; };
		A0C1EFD12B7F9BE9004EE0AE /* CusAnimateViewController.m */ = {isa = PBXFileReference; lastKnownFileType = sourcecode.c.objc; path = CusAnimateViewController.m; sourceTree = "<group>"; };
		A0C1EFD42B805F8F004EE0AE /* CusStorageViewController.h */ = {isa = PBXFileReference; lastKnownFileType = sourcecode.c.h; path = CusStorageViewController.h; sourceTree = "<group>"; };
		A0C1EFD52B805F8F004EE0AE /* CusStorageViewController.m */ = {isa = PBXFileReference; lastKnownFileType = sourcecode.c.objc; path = CusStorageViewController.m; sourceTree = "<group>"; };
		A0C1EFD72B8080F6004EE0AE /* CusUserDefaultViewController.h */ = {isa = PBXFileReference; lastKnownFileType = sourcecode.c.h; path = CusUserDefaultViewController.h; sourceTree = "<group>"; };
		A0C1EFD82B8080F6004EE0AE /* CusUserDefaultViewController.m */ = {isa = PBXFileReference; lastKnownFileType = sourcecode.c.objc; path = CusUserDefaultViewController.m; sourceTree = "<group>"; };
		A0C1EFDA2B80B83F004EE0AE /* 架构图 */ = {isa = PBXFileReference; lastKnownFileType = text; path = "架构图"; sourceTree = "<group>"; };
		A0C1EFDD2B80D916004EE0AE /* CusFileManagerViewController.h */ = {isa = PBXFileReference; lastKnownFileType = sourcecode.c.h; path = CusFileManagerViewController.h; sourceTree = "<group>"; };
		A0C1EFDE2B80D916004EE0AE /* CusFileManagerViewController.m */ = {isa = PBXFileReference; lastKnownFileType = sourcecode.c.objc; path = CusFileManagerViewController.m; sourceTree = "<group>"; };
		A0C1EFE02B821C2E004EE0AE /* CusPropertyListViewController.h */ = {isa = PBXFileReference; lastKnownFileType = sourcecode.c.h; path = CusPropertyListViewController.h; sourceTree = "<group>"; };
		A0C1EFE12B821C2E004EE0AE /* CusPropertyListViewController.m */ = {isa = PBXFileReference; lastKnownFileType = sourcecode.c.objc; path = CusPropertyListViewController.m; sourceTree = "<group>"; };
		A0C1EFE62B8229D8004EE0AE /* CusArchiveViewController.h */ = {isa = PBXFileReference; lastKnownFileType = sourcecode.c.h; path = CusArchiveViewController.h; sourceTree = "<group>"; };
		A0C1EFE72B8229D8004EE0AE /* CusArchiveViewController.m */ = {isa = PBXFileReference; lastKnownFileType = sourcecode.c.objc; path = CusArchiveViewController.m; sourceTree = "<group>"; };
		A0C1EFE92B82DA63004EE0AE /* CusSqLiteViewController.h */ = {isa = PBXFileReference; lastKnownFileType = sourcecode.c.h; path = CusSqLiteViewController.h; sourceTree = "<group>"; };
		A0C1EFEA2B82DA63004EE0AE /* CusSqLiteViewController.m */ = {isa = PBXFileReference; lastKnownFileType = sourcecode.c.objc; path = CusSqLiteViewController.m; sourceTree = "<group>"; };
		A0C1EFEC2B86419C004EE0AE /* CusKeyChainViewController.h */ = {isa = PBXFileReference; lastKnownFileType = sourcecode.c.h; path = CusKeyChainViewController.h; sourceTree = "<group>"; };
		A0C1EFED2B86419C004EE0AE /* CusKeyChainViewController.m */ = {isa = PBXFileReference; lastKnownFileType = sourcecode.c.objc; path = CusKeyChainViewController.m; sourceTree = "<group>"; };
		A0E3295A2D031FE700E5EEB3 /* CusDataTransViewController.h */ = {isa = PBXFileReference; lastKnownFileType = sourcecode.c.h; path = CusDataTransViewController.h; sourceTree = "<group>"; };
		A0E3295B2D031FE700E5EEB3 /* CusDataTransViewController.m */ = {isa = PBXFileReference; lastKnownFileType = sourcecode.c.objc; path = CusDataTransViewController.m; sourceTree = "<group>"; };
		A0E3295D2D032AF200E5EEB3 /* CusDataByDelegateViewController.h */ = {isa = PBXFileReference; lastKnownFileType = sourcecode.c.h; path = CusDataByDelegateViewController.h; sourceTree = "<group>"; };
		A0E3295E2D032AF200E5EEB3 /* CusDataByDelegateViewController.m */ = {isa = PBXFileReference; lastKnownFileType = sourcecode.c.objc; path = CusDataByDelegateViewController.m; sourceTree = "<group>"; };
		A0E329602D03E0C500E5EEB3 /* CusCompletionViewController.h */ = {isa = PBXFileReference; lastKnownFileType = sourcecode.c.h; path = CusCompletionViewController.h; sourceTree = "<group>"; };
		A0E329612D03E0C500E5EEB3 /* CusCompletionViewController.m */ = {isa = PBXFileReference; lastKnownFileType = sourcecode.c.objc; path = CusCompletionViewController.m; sourceTree = "<group>"; };
		E92F4BAD3A2EEECF87152C21 /* Pods_ios_study_bool.framework */ = {isa = PBXFileReference; explicitFileType = wrapper.framework; includeInIndex = 0; path = Pods_ios_study_bool.framework; sourceTree = BUILT_PRODUCTS_DIR; };
/* End PBXFileReference section */

/* Begin PBXFrameworksBuildPhase section */
		A07DF48D2B5427ED00D0275E /* Frameworks */ = {
			isa = PBXFrameworksBuildPhase;
			buildActionMask = 2147483647;
			files = (
				08A67298486B4562E2D7A34D /* Pods_ios_study_bool.framework in Frameworks */,
			);
			runOnlyForDeploymentPostprocessing = 0;
		};
		A07DF4AB2B5427EE00D0275E /* Frameworks */ = {
			isa = PBXFrameworksBuildPhase;
			buildActionMask = 2147483647;
			files = (
			);
			runOnlyForDeploymentPostprocessing = 0;
		};
		A07DF4B52B5427EE00D0275E /* Frameworks */ = {
			isa = PBXFrameworksBuildPhase;
			buildActionMask = 2147483647;
			files = (
			);
			runOnlyForDeploymentPostprocessing = 0;
		};
/* End PBXFrameworksBuildPhase section */

/* Begin PBXGroup section */
		0D44D0842BA6B4AAAD3495A9 /* Pods */ = {
			isa = PBXGroup;
			children = (
				1E9FE7C685B53FB9B64634EE /* Pods-ios_study_bool.debug.xcconfig */,
				7ACC0FDE30B9677E90B67120 /* Pods-ios_study_bool.release.xcconfig */,
			);
			path = Pods;
			sourceTree = "<group>";
		};
		A00ADE9C2D05325600475128 /* 网络 */ = {
			isa = PBXGroup;
			children = (
				A00ADEA02D05327800475128 /* src */,
				A00ADE9D2D05327300475128 /* CusNetWorkViewController.h */,
				A00ADE9E2D05327300475128 /* CusNetWorkViewController.m */,
			);
			path = "网络";
			sourceTree = "<group>";
		};
		A00ADEA02D05327800475128 /* src */ = {
			isa = PBXGroup;
			children = (
				A00ADEA12D0532B500475128 /* CusNetworkUserModel.h */,
				A00ADEA22D0532B500475128 /* CusNetworkUserModel.m */,
				A00ADEA42D05914600475128 /* CusNetworkManager.h */,
				A00ADEA52D05914600475128 /* CusNetworkManager.m */,
				A00ADEA72D05BA9500475128 /* CusAFNetworkManager.h */,
				A00ADEA82D05BA9500475128 /* CusAFNetworkManager.m */,
			);
			path = src;
			sourceTree = "<group>";
		};
		A00ADEAA2D05C9F500475128 /* 中级 */ = {
			isa = PBXGroup;
			children = (
				A0BBD3672D06F57300947154 /* 事件循环 */,
				A00ADEAB2D05CA0600475128 /* 多线程与异步 */,
			);
			path = "中级";
			sourceTree = "<group>";
		};
		A00ADEAB2D05CA0600475128 /* 多线程与异步 */ = {
			isa = PBXGroup;
			children = (
				A00ADEB02D05CD1300475128 /* CusThreadAsyncViewController.h */,
				A00ADEB12D05CD1300475128 /* CusThreadAsyncViewController.m */,
				A00ADEAC2D05CAC400475128 /* src */,
			);
			path = "多线程与异步";
			sourceTree = "<group>";
		};
		A00ADEAC2D05CAC400475128 /* src */ = {
			isa = PBXGroup;
			children = (
			);
			path = src;
			sourceTree = "<group>";
		};
		A076B2792B5B72E500AAE9C5 /* ToolBox */ = {
			isa = PBXGroup;
			children = (
				A076B27A2B5B732400AAE9C5 /* LangManager.h */,
				A076B27B2B5B732400AAE9C5 /* LangManager.m */,
			);
			path = ToolBox;
			sourceTree = "<group>";
		};
		A076B27D2B5B8B5E00AAE9C5 /* UI组件 */ = {
			isa = PBXGroup;
			children = (
				A0C1EF992B7DC55F004EE0AE /* src */,
				A076B2872B5CF55B00AAE9C5 /* UIComponentsViewController.h */,
				A076B2882B5CF55B00AAE9C5 /* UIComponentsViewController.m */,
			);
			path = "UI组件";
			sourceTree = "<group>";
		};
		A076B2962B60157100AAE9C5 /* Resources */ = {
			isa = PBXGroup;
			children = (
				A076B2992B601D6200AAE9C5 /* 动画图片 */,
			);
			path = Resources;
			sourceTree = "<group>";
		};
		A07DF4872B5427ED00D0275E = {
			isa = PBXGroup;
			children = (
				A07DF4922B5427ED00D0275E /* ios_study_bool */,
				A07DF4B12B5427EE00D0275E /* ios_study_boolTests */,
				A07DF4BB2B5427EE00D0275E /* ios_study_boolUITests */,
				A07DF4912B5427ED00D0275E /* Products */,
				0D44D0842BA6B4AAAD3495A9 /* Pods */,
				D4299B3122CE24120E24FBD2 /* Frameworks */,
			);
			sourceTree = "<group>";
		};
		A07DF4912B5427ED00D0275E /* Products */ = {
			isa = PBXGroup;
			children = (
				A07DF4902B5427ED00D0275E /* ios_study_bool.app */,
				A07DF4AE2B5427EE00D0275E /* ios_study_boolTests.xctest */,
				A07DF4B82B5427EE00D0275E /* ios_study_boolUITests.xctest */,
			);
			name = Products;
			sourceTree = "<group>";
		};
		A07DF4922B5427ED00D0275E /* ios_study_bool */ = {
			isa = PBXGroup;
			children = (
				A0C1EF962B7DC4F0004EE0AE /* oc实验室 */,
				A076B2962B60157100AAE9C5 /* Resources */,
				A076B2792B5B72E500AAE9C5 /* ToolBox */,
				A0AE535E2B55731E0075EAA4 /* Common */,
				A07DF4932B5427ED00D0275E /* AppDelegate.h */,
				A07DF4942B5427ED00D0275E /* AppDelegate.m */,
				A07DF4962B5427ED00D0275E /* SceneDelegate.h */,
				A07DF4972B5427ED00D0275E /* SceneDelegate.m */,
				A07DF4992B5427ED00D0275E /* ViewController.h */,
				A07DF49A2B5427ED00D0275E /* ViewController.m */,
				A07DF49C2B5427ED00D0275E /* Main.storyboard */,
				A07DF4A22B5427EE00D0275E /* Assets.xcassets */,
				A07DF4A42B5427EE00D0275E /* LaunchScreen.storyboard */,
				A07DF4A72B5427EE00D0275E /* Info.plist */,
				A07DF4A82B5427EE00D0275E /* main.m */,
				A07DF49F2B5427ED00D0275E /* ios_study_bool.xcdatamodeld */,
				A0C1EFDA2B80B83F004EE0AE /* 架构图 */,
			);
			path = ios_study_bool;
			sourceTree = "<group>";
		};
		A07DF4B12B5427EE00D0275E /* ios_study_boolTests */ = {
			isa = PBXGroup;
			children = (
				A07DF4B22B5427EE00D0275E /* ios_study_boolTests.m */,
			);
			path = ios_study_boolTests;
			sourceTree = "<group>";
		};
		A07DF4BB2B5427EE00D0275E /* ios_study_boolUITests */ = {
			isa = PBXGroup;
			children = (
				A07DF4BC2B5427EE00D0275E /* ios_study_boolUITests.m */,
				A07DF4BE2B5427EE00D0275E /* ios_study_boolUITestsLaunchTests.m */,
			);
			path = ios_study_boolUITests;
			sourceTree = "<group>";
		};
		A0AE535A2B5572270075EAA4 /* 语言基础 */ = {
			isa = PBXGroup;
			children = (
				A0AE535B2B5572740075EAA4 /* KeyWordViewController.h */,
				A0AE535C2B5572740075EAA4 /* KeyWordViewController.m */,
			);
			path = "语言基础";
			sourceTree = "<group>";
		};
		A0AE535E2B55731E0075EAA4 /* Common */ = {
			isa = PBXGroup;
			children = (
				A0C1EF6D2B7B60FD004EE0AE /* 组件 */,
				A0C1EF632B7B15CE004EE0AE /* Utils */,
				A0C1EF4A2B64E38E004EE0AE /* 日志 */,
				A0C1EF492B64E386004EE0AE /* 网络 */,
				A0C1EF482B64E36B004EE0AE /* 适配 */,
				A0AE535F2B55732D0075EAA4 /* 单元格 */,
			);
			path = Common;
			sourceTree = "<group>";
		};
		A0AE535F2B55732D0075EAA4 /* 单元格 */ = {
			isa = PBXGroup;
			children = (
				A0AE53652B55737A0075EAA4 /* Controllers */,
				A0AE53612B5573610075EAA4 /* Models */,
				A0AE53602B5573570075EAA4 /* Views */,
			);
			path = "单元格";
			sourceTree = "<group>";
		};
		A0AE53602B5573570075EAA4 /* Views */ = {
			isa = PBXGroup;
			children = (
				A076B28A2B5D07A900AAE9C5 /* CustomTableViewCell.h */,
				A076B28B2B5D07A900AAE9C5 /* CustomTableViewCell.m */,
			);
			path = Views;
			sourceTree = "<group>";
		};
		A0AE53612B5573610075EAA4 /* Models */ = {
			isa = PBXGroup;
			children = (
				A0AE53662B5573C20075EAA4 /* PartCellModel.h */,
				A0AE53672B5573C20075EAA4 /* PartCellModel.m */,
			);
			path = Models;
			sourceTree = "<group>";
		};
		A0AE53652B55737A0075EAA4 /* Controllers */ = {
			isa = PBXGroup;
			children = (
			);
			path = Controllers;
			sourceTree = "<group>";
		};
		A0BBD3672D06F57300947154 /* 事件循环 */ = {
			isa = PBXGroup;
			children = (
				A0BBD36C2D07134800947154 /* RUNLoop.jpg */,
				A0BBD36B2D06FE4800947154 /* src */,
				A0BBD3682D06FE3500947154 /* CusRunLoopEventViewController.h */,
				A0BBD3692D06FE3500947154 /* CusRunLoopEventViewController.m */,
			);
			path = "事件循环";
			sourceTree = "<group>";
		};
		A0BBD36B2D06FE4800947154 /* src */ = {
			isa = PBXGroup;
			children = (
			);
			path = src;
			sourceTree = "<group>";
		};
		A0C1EF482B64E36B004EE0AE /* 适配 */ = {
			isa = PBXGroup;
			children = (
				A076B2842B5B8CA400AAE9C5 /* ScreenUtil.h */,
				A076B2852B5B8CA400AAE9C5 /* ScreenUtil.m */,
			);
			path = "适配";
			sourceTree = "<group>";
		};
		A0C1EF492B64E386004EE0AE /* 网络 */ = {
			isa = PBXGroup;
			children = (
			);
			path = "网络";
			sourceTree = "<group>";
		};
		A0C1EF4A2B64E38E004EE0AE /* 日志 */ = {
			isa = PBXGroup;
			children = (
			);
			path = "日志";
			sourceTree = "<group>";
		};
		A0C1EF632B7B15CE004EE0AE /* Utils */ = {
			isa = PBXGroup;
			children = (
				A0C1EF4B2B64EB5C004EE0AE /* FakeUtil.h */,
				A0C1EF4C2B64EB5C004EE0AE /* FakeUtil.m */,
				A0C1EF642B7B1619004EE0AE /* TipUtil.h */,
				A0C1EF652B7B1619004EE0AE /* TipUtil.m */,
				A0C1EF712B7C4517004EE0AE /* ToastUtil.h */,
				A0C1EF722B7C4517004EE0AE /* ToastUtil.m */,
			);
			path = Utils;
			sourceTree = "<group>";
		};
		A0C1EF6D2B7B60FD004EE0AE /* 组件 */ = {
			isa = PBXGroup;
			children = (
				A0C1EF922B7DB2B1004EE0AE /* 底部弹窗 */,
				A0C1EF6E2B7B612F004EE0AE /* IntroductionViewController.h */,
				A0C1EF6F2B7B612F004EE0AE /* IntroductionViewController.m */,
			);
			path = "组件";
			sourceTree = "<group>";
		};
		A0C1EF922B7DB2B1004EE0AE /* 底部弹窗 */ = {
			isa = PBXGroup;
			children = (
				A0C1EF932B7DB2D1004EE0AE /* MyPopupViewController.h */,
				A0C1EF942B7DB2D1004EE0AE /* MyPopupViewController.m */,
			);
			path = "底部弹窗";
			sourceTree = "<group>";
		};
		A0C1EF962B7DC4F0004EE0AE /* oc实验室 */ = {
			isa = PBXGroup;
			children = (
				A00ADEAA2D05C9F500475128 /* 中级 */,
				A0C1EF972B7DC509004EE0AE /* 初级 */,
			);
			path = "oc实验室";
			sourceTree = "<group>";
		};
		A0C1EF972B7DC509004EE0AE /* 初级 */ = {
			isa = PBXGroup;
			children = (
				A00ADE9C2D05325600475128 /* 网络 */,
				A0E329582D031FAA00E5EEB3 /* 数据传递 */,
				A0C1EFD32B805F82004EE0AE /* 存储 */,
				A0AE535A2B5572270075EAA4 /* 语言基础 */,
				A0C1EFCE2B7F9A05004EE0AE /* 动画 */,
				A0C1EFB52B7E25B7004EE0AE /* 路由与导航 */,
				A0C1EF982B7DC52C004EE0AE /* 事件交互 */,
				A076B27D2B5B8B5E00AAE9C5 /* UI组件 */,
			);
			path = "初级";
			sourceTree = "<group>";
		};
		A0C1EF982B7DC52C004EE0AE /* 事件交互 */ = {
			isa = PBXGroup;
			children = (
				A0C1EF9B2B7DC5C2004EE0AE /* CusEventViewController.h */,
				A0C1EF9C2B7DC5C2004EE0AE /* CusEventViewController.m */,
				A0C1EF9A2B7DC59F004EE0AE /* src */,
			);
			path = "事件交互";
			sourceTree = "<group>";
		};
		A0C1EF992B7DC55F004EE0AE /* src */ = {
			isa = PBXGroup;
			children = (
				A076B2902B5D38AE00AAE9C5 /* UIButtonViewController.h */,
				A076B2912B5D38AE00AAE9C5 /* UIButtonViewController.m */,
				A076B2932B60014400AAE9C5 /* UIImageViewController.h */,
				A076B2942B60014400AAE9C5 /* UIImageViewController.m */,
				A0C1EF362B613448004EE0AE /* UISwitchViewController.h */,
				A0C1EF372B613448004EE0AE /* UISwitchViewController.m */,
				A0C1EF392B6139A4004EE0AE /* UITextFieldViewController.h */,
				A0C1EF3A2B6139A4004EE0AE /* UITextFieldViewController.m */,
				A0C1EF3C2B628A99004EE0AE /* UITextViewController.h */,
				A0C1EF3D2B628A99004EE0AE /* UITextViewController.m */,
				A0C1EF3F2B63DCFD004EE0AE /* UISliderViewController.h */,
				A0C1EF402B63DCFD004EE0AE /* UISliderViewController.m */,
				A0C1EF422B63F6DC004EE0AE /* UIProgressViewController.h */,
				A0C1EF432B63F6DC004EE0AE /* UIProgressViewController.m */,
				A0C1EF452B64A14E004EE0AE /* CusUITableViewController.h */,
				A0C1EF462B64A14E004EE0AE /* CusUITableViewController.m */,
				A0C1EF512B661DE4004EE0AE /* CusUICollectionViewController.h */,
				A0C1EF522B661DE4004EE0AE /* CusUICollectionViewController.m */,
				A0C1EF542B6DE196004EE0AE /* CusScrollViewController.h */,
				A076B2812B5B8C5200AAE9C5 /* UILabelViewController.h */,
				A076B2822B5B8C5200AAE9C5 /* UILabelViewController.m */,
				A0C1EF552B6DE196004EE0AE /* CusScrollViewController.m */,
				A0C1EF572B6E3F15004EE0AE /* CusPageControlViewController.h */,
				A0C1EF582B6E3F15004EE0AE /* CusPageControlViewController.m */,
				A0C1EF5A2B75EB39004EE0AE /* CusSegmentedControlViewController.h */,
				A0C1EF5B2B75EB39004EE0AE /* CusSegmentedControlViewController.m */,
				A0C1EF5D2B78C999004EE0AE /* CusUITabbarViewController.h */,
				A0C1EF5E2B78C999004EE0AE /* CusUITabbarViewController.m */,
				A0C1EF602B78FD20004EE0AE /* UINavigationViewController.h */,
				A0C1EF612B78FD20004EE0AE /* UINavigationViewController.m */,
				A0C1EF6A2B7B6052004EE0AE /* UIAlertViewController.h */,
				A0C1EF6B2B7B6052004EE0AE /* UIAlertViewController.m */,
				A0C1EF742B7C6F74004EE0AE /* CusUIPickerViewController.h */,
				A0C1EF752B7C6F74004EE0AE /* CusUIPickerViewController.m */,
				A0C1EF7A2B7CE00B004EE0AE /* CusUIDatePickerViewController.h */,
				A0C1EF7B2B7CE00B004EE0AE /* CusUIDatePickerViewController.m */,
				A0C1EF7D2B7CEC76004EE0AE /* CusActivityIndicatorViewController.h */,
				A0C1EF7E2B7CEC76004EE0AE /* CusActivityIndicatorViewController.m */,
				A0C1EF802B7CFA43004EE0AE /* CusUIWebViewViewController.h */,
				A0C1EF812B7CFA43004EE0AE /* CusUIWebViewViewController.m */,
				A0C1EF862B7D0EDB004EE0AE /* CusWKWebViewController.h */,
				A0C1EF872B7D0EDB004EE0AE /* CusWKWebViewController.m */,
				A0C1EF8C2B7DAD5F004EE0AE /* CusPresentationViewController.h */,
				A0C1EF8D2B7DAD5F004EE0AE /* CusPresentationViewController.m */,
			);
			path = src;
			sourceTree = "<group>";
		};
		A0C1EF9A2B7DC59F004EE0AE /* src */ = {
			isa = PBXGroup;
			children = (
				A0C1EFB12B7E2360004EE0AE /* 事件传递机制 */,
				A0C1EFAA2B7DFE7F004EE0AE /* 手势识别器 */,
				A0C1EFA62B7DF6C4004EE0AE /* Target-Action */,
				A0C1EFA22B7DEA5C004EE0AE /* 通知 */,
				A0C1EF9E2B7DD20F004EE0AE /* 委托代理 */,
			);
			path = src;
			sourceTree = "<group>";
		};
		A0C1EF9E2B7DD20F004EE0AE /* 委托代理 */ = {
			isa = PBXGroup;
			children = (
				A0C1EF9F2B7DD29F004EE0AE /* CusDelegationViewController.h */,
				A0C1EFA02B7DD29F004EE0AE /* CusDelegationViewController.m */,
			);
			path = "委托代理";
			sourceTree = "<group>";
		};
		A0C1EFA22B7DEA5C004EE0AE /* 通知 */ = {
			isa = PBXGroup;
			children = (
				A0C1EFA32B7DEA67004EE0AE /* CusNotificationViewController.h */,
				A0C1EFA42B7DEA67004EE0AE /* CusNotificationViewController.m */,
			);
			path = "通知";
			sourceTree = "<group>";
		};
		A0C1EFA62B7DF6C4004EE0AE /* Target-Action */ = {
			isa = PBXGroup;
			children = (
				A0C1EFA72B7DF788004EE0AE /* CusTargetActionViewController.h */,
				A0C1EFA82B7DF788004EE0AE /* CusTargetActionViewController.m */,
			);
			path = "Target-Action";
			sourceTree = "<group>";
		};
		A0C1EFAA2B7DFE7F004EE0AE /* 手势识别器 */ = {
			isa = PBXGroup;
			children = (
				A0C1EFAB2B7DFF19004EE0AE /* CusGesRegViewController.h */,
				A0C1EFAC2B7DFF19004EE0AE /* CusGesRegViewController.m */,
				A0C1EFAE2B7E04C6004EE0AE /* TripleTapGestureRecognizer.h */,
				A0C1EFAF2B7E04C6004EE0AE /* TripleTapGestureRecognizer.m */,
			);
			path = "手势识别器";
			sourceTree = "<group>";
		};
		A0C1EFB12B7E2360004EE0AE /* 事件传递机制 */ = {
			isa = PBXGroup;
			children = (
				A0C1EFB22B7E2377004EE0AE /* CusEventTransferViewController.h */,
				A0C1EFB32B7E2377004EE0AE /* CusEventTransferViewController.m */,
			);
			path = "事件传递机制";
			sourceTree = "<group>";
		};
		A0C1EFB52B7E25B7004EE0AE /* 路由与导航 */ = {
			isa = PBXGroup;
			children = (
				A0C1EFB92B7E33E5004EE0AE /* src */,
				A0C1EFBA2B7E33F7004EE0AE /* CusRouteViewController.h */,
				A0C1EFBB2B7E33F7004EE0AE /* CusRouteViewController.m */,
			);
			path = "路由与导航";
			sourceTree = "<group>";
		};
		A0C1EFB92B7E33E5004EE0AE /* src */ = {
			isa = PBXGroup;
			children = (
				A0C1EFC22B7F064B004EE0AE /* 组件化路由 */,
				A0C1EFC12B7F0592004EE0AE /* UINavigationController导航 */,
			);
			path = src;
			sourceTree = "<group>";
		};
		A0C1EFC12B7F0592004EE0AE /* UINavigationController导航 */ = {
			isa = PBXGroup;
			children = (
				A0C1EFB62B7E2FAF004EE0AE /* CusUINavigationViewController.h */,
				A0C1EFB72B7E2FAF004EE0AE /* CusUINavigationViewController.m */,
			);
			path = "UINavigationController导航";
			sourceTree = "<group>";
		};
		A0C1EFC22B7F064B004EE0AE /* 组件化路由 */ = {
			isa = PBXGroup;
			children = (
				A0C1EFBE2B7F02DA004EE0AE /* CusRouteCaseViewController.h */,
				A0C1EFBF2B7F02DA004EE0AE /* CusRouteCaseViewController.m */,
				A0C1EFC52B7F5007004EE0AE /* CTMediator.h */,
				A0C1EFC62B7F5007004EE0AE /* CTMediator.m */,
				A0C1EFC82B7F54BD004EE0AE /* ANewViewController.h */,
				A0C1EFC92B7F54BD004EE0AE /* ANewViewController.m */,
				A0C1EFCB2B7F83EB004EE0AE /* BNewViewController.h */,
				A0C1EFCC2B7F83EB004EE0AE /* BNewViewController.m */,
			);
			path = "组件化路由";
			sourceTree = "<group>";
		};
		A0C1EFCE2B7F9A05004EE0AE /* 动画 */ = {
			isa = PBXGroup;
			children = (
				A0C1EFD02B7F9BE9004EE0AE /* CusAnimateViewController.h */,
				A0C1EFD12B7F9BE9004EE0AE /* CusAnimateViewController.m */,
			);
			path = "动画";
			sourceTree = "<group>";
		};
		A0C1EFD32B805F82004EE0AE /* 存储 */ = {
			isa = PBXGroup;
			children = (
				A0C1EFDC2B80C459004EE0AE /* src */,
				A0C1EFD42B805F8F004EE0AE /* CusStorageViewController.h */,
				A0C1EFD52B805F8F004EE0AE /* CusStorageViewController.m */,
			);
			path = "存储";
			sourceTree = "<group>";
		};
		A0C1EFDC2B80C459004EE0AE /* src */ = {
			isa = PBXGroup;
			children = (
				A0C1EFDD2B80D916004EE0AE /* CusFileManagerViewController.h */,
				A0C1EFDE2B80D916004EE0AE /* CusFileManagerViewController.m */,
				A0C1EFD72B8080F6004EE0AE /* CusUserDefaultViewController.h */,
				A0C1EFD82B8080F6004EE0AE /* CusUserDefaultViewController.m */,
				A0C1EFE02B821C2E004EE0AE /* CusPropertyListViewController.h */,
				A0C1EFE12B821C2E004EE0AE /* CusPropertyListViewController.m */,
				A0C1EFE62B8229D8004EE0AE /* CusArchiveViewController.h */,
				A0C1EFE72B8229D8004EE0AE /* CusArchiveViewController.m */,
				A0C1EFE92B82DA63004EE0AE /* CusSqLiteViewController.h */,
				A0C1EFEA2B82DA63004EE0AE /* CusSqLiteViewController.m */,
				A0C1EFEC2B86419C004EE0AE /* CusKeyChainViewController.h */,
				A0C1EFED2B86419C004EE0AE /* CusKeyChainViewController.m */,
			);
			path = src;
			sourceTree = "<group>";
		};
		A0E329582D031FAA00E5EEB3 /* 数据传递 */ = {
			isa = PBXGroup;
			children = (
				A0E329592D031FC300E5EEB3 /* src */,
				A0E3295A2D031FE700E5EEB3 /* CusDataTransViewController.h */,
				A0E3295B2D031FE700E5EEB3 /* CusDataTransViewController.m */,
			);
			path = "数据传递";
			sourceTree = "<group>";
		};
		A0E329592D031FC300E5EEB3 /* src */ = {
			isa = PBXGroup;
			children = (
				A0E3295D2D032AF200E5EEB3 /* CusDataByDelegateViewController.h */,
				A0E3295E2D032AF200E5EEB3 /* CusDataByDelegateViewController.m */,
				A0E329602D03E0C500E5EEB3 /* CusCompletionViewController.h */,
				A0E329612D03E0C500E5EEB3 /* CusCompletionViewController.m */,
				A00ADE912D042AC500475128 /* CusDataByNotificationViewController.h */,
				A00ADE922D042AC500475128 /* CusDataByNotificationViewController.m */,
				A00ADE962D042EA300475128 /* CusDataByKVOViewController.h */,
				A00ADE972D042EA300475128 /* CusDataByKVOViewController.m */,
				A00ADE992D043E4900475128 /* ios_study_bool-Bridging-Header.h */,
			);
			path = src;
			sourceTree = "<group>";
		};
		D4299B3122CE24120E24FBD2 /* Frameworks */ = {
			isa = PBXGroup;
			children = (
				E92F4BAD3A2EEECF87152C21 /* Pods_ios_study_bool.framework */,
			);
			name = Frameworks;
			sourceTree = "<group>";
		};
/* End PBXGroup section */

/* Begin PBXNativeTarget section */
		A07DF48F2B5427ED00D0275E /* ios_study_bool */ = {
			isa = PBXNativeTarget;
			buildConfigurationList = A07DF4C22B5427EE00D0275E /* Build configuration list for PBXNativeTarget "ios_study_bool" */;
			buildPhases = (
				DD1F5E19E99F6FC28FCD1195 /* [CP] Check Pods Manifest.lock */,
				A07DF48C2B5427ED00D0275E /* Sources */,
				A07DF48D2B5427ED00D0275E /* Frameworks */,
				A07DF48E2B5427ED00D0275E /* Resources */,
				1BCA1D24953DEBE1180BF550 /* [CP] Embed Pods Frameworks */,
			);
			buildRules = (
			);
			dependencies = (
			);
			name = ios_study_bool;
			productName = ios_study_bool;
			productReference = A07DF4902B5427ED00D0275E /* ios_study_bool.app */;
			productType = "com.apple.product-type.application";
		};
		A07DF4AD2B5427EE00D0275E /* ios_study_boolTests */ = {
			isa = PBXNativeTarget;
			buildConfigurationList = A07DF4C52B5427EE00D0275E /* Build configuration list for PBXNativeTarget "ios_study_boolTests" */;
			buildPhases = (
				A07DF4AA2B5427EE00D0275E /* Sources */,
				A07DF4AB2B5427EE00D0275E /* Frameworks */,
				A07DF4AC2B5427EE00D0275E /* Resources */,
			);
			buildRules = (
			);
			dependencies = (
				A07DF4B02B5427EE00D0275E /* PBXTargetDependency */,
			);
			name = ios_study_boolTests;
			productName = ios_study_boolTests;
			productReference = A07DF4AE2B5427EE00D0275E /* ios_study_boolTests.xctest */;
			productType = "com.apple.product-type.bundle.unit-test";
		};
		A07DF4B72B5427EE00D0275E /* ios_study_boolUITests */ = {
			isa = PBXNativeTarget;
			buildConfigurationList = A07DF4C82B5427EE00D0275E /* Build configuration list for PBXNativeTarget "ios_study_boolUITests" */;
			buildPhases = (
				A07DF4B42B5427EE00D0275E /* Sources */,
				A07DF4B52B5427EE00D0275E /* Frameworks */,
				A07DF4B62B5427EE00D0275E /* Resources */,
			);
			buildRules = (
			);
			dependencies = (
				A07DF4BA2B5427EE00D0275E /* PBXTargetDependency */,
			);
			name = ios_study_boolUITests;
			productName = ios_study_boolUITests;
			productReference = A07DF4B82B5427EE00D0275E /* ios_study_boolUITests.xctest */;
			productType = "com.apple.product-type.bundle.ui-testing";
		};
/* End PBXNativeTarget section */

/* Begin PBXProject section */
		A07DF4882B5427ED00D0275E /* Project object */ = {
			isa = PBXProject;
			attributes = {
				BuildIndependentTargetsInParallel = 1;
				LastUpgradeCheck = 1430;
				TargetAttributes = {
					A07DF48F2B5427ED00D0275E = {
						CreatedOnToolsVersion = 14.3.1;
						LastSwiftMigration = 1430;
					};
					A07DF4AD2B5427EE00D0275E = {
						CreatedOnToolsVersion = 14.3.1;
						TestTargetID = A07DF48F2B5427ED00D0275E;
					};
					A07DF4B72B5427EE00D0275E = {
						CreatedOnToolsVersion = 14.3.1;
						TestTargetID = A07DF48F2B5427ED00D0275E;
					};
				};
			};
			buildConfigurationList = A07DF48B2B5427ED00D0275E /* Build configuration list for PBXProject "ios_study_bool" */;
			compatibilityVersion = "Xcode 14.0";
			developmentRegion = en;
			hasScannedForEncodings = 0;
			knownRegions = (
				en,
				Base,
			);
			mainGroup = A07DF4872B5427ED00D0275E;
			productRefGroup = A07DF4912B5427ED00D0275E /* Products */;
			projectDirPath = "";
			projectRoot = "";
			targets = (
				A07DF48F2B5427ED00D0275E /* ios_study_bool */,
				A07DF4AD2B5427EE00D0275E /* ios_study_boolTests */,
				A07DF4B72B5427EE00D0275E /* ios_study_boolUITests */,
			);
		};
/* End PBXProject section */

/* Begin PBXResourcesBuildPhase section */
		A07DF48E2B5427ED00D0275E /* Resources */ = {
			isa = PBXResourcesBuildPhase;
			buildActionMask = 2147483647;
			files = (
				A076B29A2B601D6200AAE9C5 /* 动画图片 in Resources */,
				A0C1EFDB2B80B83F004EE0AE /* 架构图 in Resources */,
				A07DF4A62B5427EE00D0275E /* LaunchScreen.storyboard in Resources */,
				A07DF4A32B5427EE00D0275E /* Assets.xcassets in Resources */,
				A07DF49E2B5427ED00D0275E /* Main.storyboard in Resources */,
				A0BBD36D2D07134800947154 /* RUNLoop.jpg in Resources */,
			);
			runOnlyForDeploymentPostprocessing = 0;
		};
		A07DF4AC2B5427EE00D0275E /* Resources */ = {
			isa = PBXResourcesBuildPhase;
			buildActionMask = 2147483647;
			files = (
			);
			runOnlyForDeploymentPostprocessing = 0;
		};
		A07DF4B62B5427EE00D0275E /* Resources */ = {
			isa = PBXResourcesBuildPhase;
			buildActionMask = 2147483647;
			files = (
			);
			runOnlyForDeploymentPostprocessing = 0;
		};
/* End PBXResourcesBuildPhase section */

/* Begin PBXShellScriptBuildPhase section */
		1BCA1D24953DEBE1180BF550 /* [CP] Embed Pods Frameworks */ = {
			isa = PBXShellScriptBuildPhase;
			buildActionMask = 2147483647;
			files = (
			);
			inputFileListPaths = (
				"${PODS_ROOT}/Target Support Files/Pods-ios_study_bool/Pods-ios_study_bool-frameworks-${CONFIGURATION}-input-files.xcfilelist",
			);
			name = "[CP] Embed Pods Frameworks";
			outputFileListPaths = (
				"${PODS_ROOT}/Target Support Files/Pods-ios_study_bool/Pods-ios_study_bool-frameworks-${CONFIGURATION}-output-files.xcfilelist",
			);
			runOnlyForDeploymentPostprocessing = 0;
			shellPath = /bin/sh;
			shellScript = "\"${PODS_ROOT}/Target Support Files/Pods-ios_study_bool/Pods-ios_study_bool-frameworks.sh\"\n";
			showEnvVarsInLog = 0;
		};
		DD1F5E19E99F6FC28FCD1195 /* [CP] Check Pods Manifest.lock */ = {
			isa = PBXShellScriptBuildPhase;
			buildActionMask = 2147483647;
			files = (
			);
			inputFileListPaths = (
			);
			inputPaths = (
				"${PODS_PODFILE_DIR_PATH}/Podfile.lock",
				"${PODS_ROOT}/Manifest.lock",
			);
			name = "[CP] Check Pods Manifest.lock";
			outputFileListPaths = (
			);
			outputPaths = (
				"$(DERIVED_FILE_DIR)/Pods-ios_study_bool-checkManifestLockResult.txt",
			);
			runOnlyForDeploymentPostprocessing = 0;
			shellPath = /bin/sh;
			shellScript = "diff \"${PODS_PODFILE_DIR_PATH}/Podfile.lock\" \"${PODS_ROOT}/Manifest.lock\" > /dev/null\nif [ $? != 0 ] ; then\n    # print error to STDERR\n    echo \"error: The sandbox is not in sync with the Podfile.lock. Run 'pod install' or update your CocoaPods installation.\" >&2\n    exit 1\nfi\n# This output is used by Xcode 'outputs' to avoid re-running this script phase.\necho \"SUCCESS\" > \"${SCRIPT_OUTPUT_FILE_0}\"\n";
			showEnvVarsInLog = 0;
		};
/* End PBXShellScriptBuildPhase section */

/* Begin PBXSourcesBuildPhase section */
		A07DF48C2B5427ED00D0275E /* Sources */ = {
			isa = PBXSourcesBuildPhase;
			buildActionMask = 2147483647;
			files = (
				A07DF4A92B5427EE00D0275E /* main.m in Sources */,
				A0C1EFDF2B80D916004EE0AE /* CusFileManagerViewController.m in Sources */,
				A0E329622D03E0C500E5EEB3 /* CusCompletionViewController.m in Sources */,
				A0C1EF732B7C4517004EE0AE /* ToastUtil.m in Sources */,
				A00ADEA62D05914600475128 /* CusNetworkManager.m in Sources */,
				A0C1EFEE2B86419C004EE0AE /* CusKeyChainViewController.m in Sources */,
				A076B2892B5CF55B00AAE9C5 /* UIComponentsViewController.m in Sources */,
				A00ADE982D042EA300475128 /* CusDataByKVOViewController.m in Sources */,
				A00ADE932D042AC500475128 /* CusDataByNotificationViewController.m in Sources */,
				A076B28C2B5D07A900AAE9C5 /* CustomTableViewCell.m in Sources */,
				A0C1EF7C2B7CE00B004EE0AE /* CusUIDatePickerViewController.m in Sources */,
				A0C1EFE82B8229D8004EE0AE /* CusArchiveViewController.m in Sources */,
				A0C1EF882B7D0EDB004EE0AE /* CusWKWebViewController.m in Sources */,
				A076B2922B5D38AE00AAE9C5 /* UIButtonViewController.m in Sources */,
				A07DF49B2B5427ED00D0275E /* ViewController.m in Sources */,
				A0C1EFA52B7DEA67004EE0AE /* CusNotificationViewController.m in Sources */,
				A0C1EFAD2B7DFF19004EE0AE /* CusGesRegViewController.m in Sources */,
				A0C1EF4D2B64EB5C004EE0AE /* FakeUtil.m in Sources */,
				A07DF4A12B5427ED00D0275E /* ios_study_bool.xcdatamodeld in Sources */,
				A0C1EF662B7B1619004EE0AE /* TipUtil.m in Sources */,
				A0AE53682B5573C20075EAA4 /* PartCellModel.m in Sources */,
				A0C1EF532B661DE4004EE0AE /* CusUICollectionViewController.m in Sources */,
				A0C1EF592B6E3F15004EE0AE /* CusPageControlViewController.m in Sources */,
				A0C1EFA12B7DD29F004EE0AE /* CusDelegationViewController.m in Sources */,
				A0C1EF7F2B7CEC76004EE0AE /* CusActivityIndicatorViewController.m in Sources */,
				A0C1EF8E2B7DAD5F004EE0AE /* CusPresentationViewController.m in Sources */,
				A07DF4952B5427ED00D0275E /* AppDelegate.m in Sources */,
				A0C1EFC72B7F5007004EE0AE /* CTMediator.m in Sources */,
				A0C1EF382B613448004EE0AE /* UISwitchViewController.m in Sources */,
				A076B27C2B5B732400AAE9C5 /* LangManager.m in Sources */,
				A0AE535D2B5572740075EAA4 /* KeyWordViewController.m in Sources */,
				A0C1EFEB2B82DA63004EE0AE /* CusSqLiteViewController.m in Sources */,
				A076B2952B60014400AAE9C5 /* UIImageViewController.m in Sources */,
				A0C1EFB82B7E2FAF004EE0AE /* CusUINavigationViewController.m in Sources */,
				A0C1EFD62B805F8F004EE0AE /* CusStorageViewController.m in Sources */,
				A00ADEA92D05BA9500475128 /* CusAFNetworkManager.m in Sources */,
				A0C1EFD92B8080F6004EE0AE /* CusUserDefaultViewController.m in Sources */,
				A0C1EFE22B821C2E004EE0AE /* CusPropertyListViewController.m in Sources */,
				A0C1EFBC2B7E33F7004EE0AE /* CusRouteViewController.m in Sources */,
				A00ADE9F2D05327300475128 /* CusNetWorkViewController.m in Sources */,
				A0C1EF6C2B7B6052004EE0AE /* UIAlertViewController.m in Sources */,
				A0C1EF5C2B75EB39004EE0AE /* CusSegmentedControlViewController.m in Sources */,
				A0C1EF3B2B6139A4004EE0AE /* UITextFieldViewController.m in Sources */,
				A0C1EF412B63DCFD004EE0AE /* UISliderViewController.m in Sources */,
				A0C1EF442B63F6DC004EE0AE /* UIProgressViewController.m in Sources */,
				A0C1EF9D2B7DC5C2004EE0AE /* CusEventViewController.m in Sources */,
				A076B2862B5B8CA400AAE9C5 /* ScreenUtil.m in Sources */,
				A0C1EFB02B7E04C6004EE0AE /* TripleTapGestureRecognizer.m in Sources */,
				A07DF4982B5427ED00D0275E /* SceneDelegate.m in Sources */,
				A00ADEA32D0532B500475128 /* CusNetworkUserModel.m in Sources */,
				A0E3295C2D031FE700E5EEB3 /* CusDataTransViewController.m in Sources */,
				A0C1EF822B7CFA43004EE0AE /* CusUIWebViewViewController.m in Sources */,
				A0C1EF3E2B628A99004EE0AE /* UITextViewController.m in Sources */,
				A0C1EF562B6DE196004EE0AE /* CusScrollViewController.m in Sources */,
				A0C1EF952B7DB2D1004EE0AE /* MyPopupViewController.m in Sources */,
				A0C1EF622B78FD20004EE0AE /* UINavigationViewController.m in Sources */,
				A0C1EF702B7B612F004EE0AE /* IntroductionViewController.m in Sources */,
				A0C1EF762B7C6F74004EE0AE /* CusUIPickerViewController.m in Sources */,
				A076B2832B5B8C5200AAE9C5 /* UILabelViewController.m in Sources */,
				A0C1EF5F2B78C999004EE0AE /* CusUITabbarViewController.m in Sources */,
				A0C1EFCA2B7F54BD004EE0AE /* ANewViewController.m in Sources */,
				A0C1EFD22B7F9BE9004EE0AE /* CusAnimateViewController.m in Sources */,
				A0C1EFC02B7F02DA004EE0AE /* CusRouteCaseViewController.m in Sources */,
				A0E3295F2D032AF200E5EEB3 /* CusDataByDelegateViewController.m in Sources */,
				A0C1EFCD2B7F83EB004EE0AE /* BNewViewController.m in Sources */,
				A0BBD36A2D06FE3500947154 /* CusRunLoopEventViewController.m in Sources */,
				A0C1EF472B64A14E004EE0AE /* CusUITableViewController.m in Sources */,
				A00ADEB22D05CD1300475128 /* CusThreadAsyncViewController.m in Sources */,
				A0C1EFA92B7DF788004EE0AE /* CusTargetActionViewController.m in Sources */,
				A0C1EFB42B7E2377004EE0AE /* CusEventTransferViewController.m in Sources */,
			);
			runOnlyForDeploymentPostprocessing = 0;
		};
		A07DF4AA2B5427EE00D0275E /* Sources */ = {
			isa = PBXSourcesBuildPhase;
			buildActionMask = 2147483647;
			files = (
				A07DF4B32B5427EE00D0275E /* ios_study_boolTests.m in Sources */,
			);
			runOnlyForDeploymentPostprocessing = 0;
		};
		A07DF4B42B5427EE00D0275E /* Sources */ = {
			isa = PBXSourcesBuildPhase;
			buildActionMask = 2147483647;
			files = (
				A07DF4BF2B5427EE00D0275E /* ios_study_boolUITestsLaunchTests.m in Sources */,
				A07DF4BD2B5427EE00D0275E /* ios_study_boolUITests.m in Sources */,
			);
			runOnlyForDeploymentPostprocessing = 0;
		};
/* End PBXSourcesBuildPhase section */

/* Begin PBXTargetDependency section */
		A07DF4B02B5427EE00D0275E /* PBXTargetDependency */ = {
			isa = PBXTargetDependency;
			target = A07DF48F2B5427ED00D0275E /* ios_study_bool */;
			targetProxy = A07DF4AF2B5427EE00D0275E /* PBXContainerItemProxy */;
		};
		A07DF4BA2B5427EE00D0275E /* PBXTargetDependency */ = {
			isa = PBXTargetDependency;
			target = A07DF48F2B5427ED00D0275E /* ios_study_bool */;
			targetProxy = A07DF4B92B5427EE00D0275E /* PBXContainerItemProxy */;
		};
/* End PBXTargetDependency section */

/* Begin PBXVariantGroup section */
		A07DF49C2B5427ED00D0275E /* Main.storyboard */ = {
			isa = PBXVariantGroup;
			children = (
				A07DF49D2B5427ED00D0275E /* Base */,
			);
			name = Main.storyboard;
			sourceTree = "<group>";
		};
		A07DF4A42B5427EE00D0275E /* LaunchScreen.storyboard */ = {
			isa = PBXVariantGroup;
			children = (
				A07DF4A52B5427EE00D0275E /* Base */,
			);
			name = LaunchScreen.storyboard;
			sourceTree = "<group>";
		};
/* End PBXVariantGroup section */

/* Begin XCBuildConfiguration section */
		A07DF4C02B5427EE00D0275E /* Debug */ = {
			isa = XCBuildConfiguration;
			buildSettings = {
				ALWAYS_SEARCH_USER_PATHS = NO;
				CLANG_ANALYZER_NONNULL = YES;
				CLANG_ANALYZER_NUMBER_OBJECT_CONVERSION = YES_AGGRESSIVE;
				CLANG_CXX_LANGUAGE_STANDARD = "gnu++20";
				CLANG_ENABLE_MODULES = YES;
				CLANG_ENABLE_OBJC_ARC = YES;
				CLANG_ENABLE_OBJC_WEAK = YES;
				CLANG_WARN_BLOCK_CAPTURE_AUTORELEASING = YES;
				CLANG_WARN_BOOL_CONVERSION = YES;
				CLANG_WARN_COMMA = YES;
				CLANG_WARN_CONSTANT_CONVERSION = YES;
				CLANG_WARN_DEPRECATED_OBJC_IMPLEMENTATIONS = YES;
				CLANG_WARN_DIRECT_OBJC_ISA_USAGE = YES_ERROR;
				CLANG_WARN_DOCUMENTATION_COMMENTS = YES;
				CLANG_WARN_EMPTY_BODY = YES;
				CLANG_WARN_ENUM_CONVERSION = YES;
				CLANG_WARN_INFINITE_RECURSION = YES;
				CLANG_WARN_INT_CONVERSION = YES;
				CLANG_WARN_NON_LITERAL_NULL_CONVERSION = YES;
				CLANG_WARN_OBJC_IMPLICIT_RETAIN_SELF = YES;
				CLANG_WARN_OBJC_LITERAL_CONVERSION = YES;
				CLANG_WARN_OBJC_ROOT_CLASS = YES_ERROR;
				CLANG_WARN_QUOTED_INCLUDE_IN_FRAMEWORK_HEADER = YES;
				CLANG_WARN_RANGE_LOOP_ANALYSIS = YES;
				CLANG_WARN_STRICT_PROTOTYPES = YES;
				CLANG_WARN_SUSPICIOUS_MOVE = YES;
				CLANG_WARN_UNGUARDED_AVAILABILITY = YES_AGGRESSIVE;
				CLANG_WARN_UNREACHABLE_CODE = YES;
				CLANG_WARN__DUPLICATE_METHOD_MATCH = YES;
				COPY_PHASE_STRIP = NO;
				DEBUG_INFORMATION_FORMAT = dwarf;
				ENABLE_STRICT_OBJC_MSGSEND = YES;
				ENABLE_TESTABILITY = YES;
				GCC_C_LANGUAGE_STANDARD = gnu11;
				GCC_DYNAMIC_NO_PIC = NO;
				GCC_NO_COMMON_BLOCKS = YES;
				GCC_OPTIMIZATION_LEVEL = 0;
				GCC_PREPROCESSOR_DEFINITIONS = (
					"DEBUG=1",
					"$(inherited)",
				);
				GCC_WARN_64_TO_32_BIT_CONVERSION = YES;
				GCC_WARN_ABOUT_RETURN_TYPE = YES_ERROR;
				GCC_WARN_UNDECLARED_SELECTOR = YES;
				GCC_WARN_UNINITIALIZED_AUTOS = YES_AGGRESSIVE;
				GCC_WARN_UNUSED_FUNCTION = YES;
				GCC_WARN_UNUSED_VARIABLE = YES;
				IPHONEOS_DEPLOYMENT_TARGET = 16.4;
				MTL_ENABLE_DEBUG_INFO = INCLUDE_SOURCE;
				MTL_FAST_MATH = YES;
				ONLY_ACTIVE_ARCH = YES;
				SDKROOT = iphoneos;
			};
			name = Debug;
		};
		A07DF4C12B5427EE00D0275E /* Release */ = {
			isa = XCBuildConfiguration;
			buildSettings = {
				ALWAYS_SEARCH_USER_PATHS = NO;
				CLANG_ANALYZER_NONNULL = YES;
				CLANG_ANALYZER_NUMBER_OBJECT_CONVERSION = YES_AGGRESSIVE;
				CLANG_CXX_LANGUAGE_STANDARD = "gnu++20";
				CLANG_ENABLE_MODULES = YES;
				CLANG_ENABLE_OBJC_ARC = YES;
				CLANG_ENABLE_OBJC_WEAK = YES;
				CLANG_WARN_BLOCK_CAPTURE_AUTORELEASING = YES;
				CLANG_WARN_BOOL_CONVERSION = YES;
				CLANG_WARN_COMMA = YES;
				CLANG_WARN_CONSTANT_CONVERSION = YES;
				CLANG_WARN_DEPRECATED_OBJC_IMPLEMENTATIONS = YES;
				CLANG_WARN_DIRECT_OBJC_ISA_USAGE = YES_ERROR;
				CLANG_WARN_DOCUMENTATION_COMMENTS = YES;
				CLANG_WARN_EMPTY_BODY = YES;
				CLANG_WARN_ENUM_CONVERSION = YES;
				CLANG_WARN_INFINITE_RECURSION = YES;
				CLANG_WARN_INT_CONVERSION = YES;
				CLANG_WARN_NON_LITERAL_NULL_CONVERSION = YES;
				CLANG_WARN_OBJC_IMPLICIT_RETAIN_SELF = YES;
				CLANG_WARN_OBJC_LITERAL_CONVERSION = YES;
				CLANG_WARN_OBJC_ROOT_CLASS = YES_ERROR;
				CLANG_WARN_QUOTED_INCLUDE_IN_FRAMEWORK_HEADER = YES;
				CLANG_WARN_RANGE_LOOP_ANALYSIS = YES;
				CLANG_WARN_STRICT_PROTOTYPES = YES;
				CLANG_WARN_SUSPICIOUS_MOVE = YES;
				CLANG_WARN_UNGUARDED_AVAILABILITY = YES_AGGRESSIVE;
				CLANG_WARN_UNREACHABLE_CODE = YES;
				CLANG_WARN__DUPLICATE_METHOD_MATCH = YES;
				COPY_PHASE_STRIP = NO;
				DEBUG_INFORMATION_FORMAT = "dwarf-with-dsym";
				ENABLE_NS_ASSERTIONS = NO;
				ENABLE_STRICT_OBJC_MSGSEND = YES;
				GCC_C_LANGUAGE_STANDARD = gnu11;
				GCC_NO_COMMON_BLOCKS = YES;
				GCC_WARN_64_TO_32_BIT_CONVERSION = YES;
				GCC_WARN_ABOUT_RETURN_TYPE = YES_ERROR;
				GCC_WARN_UNDECLARED_SELECTOR = YES;
				GCC_WARN_UNINITIALIZED_AUTOS = YES_AGGRESSIVE;
				GCC_WARN_UNUSED_FUNCTION = YES;
				GCC_WARN_UNUSED_VARIABLE = YES;
				IPHONEOS_DEPLOYMENT_TARGET = 16.4;
				MTL_ENABLE_DEBUG_INFO = NO;
				MTL_FAST_MATH = YES;
				SDKROOT = iphoneos;
				VALIDATE_PRODUCT = YES;
			};
			name = Release;
		};
		A07DF4C32B5427EE00D0275E /* Debug */ = {
			isa = XCBuildConfiguration;
			baseConfigurationReference = 1E9FE7C685B53FB9B64634EE /* Pods-ios_study_bool.debug.xcconfig */;
			buildSettings = {
				ASSETCATALOG_COMPILER_APPICON_NAME = AppIcon;
				ASSETCATALOG_COMPILER_GLOBAL_ACCENT_COLOR_NAME = AccentColor;
				CLANG_ENABLE_MODULES = YES;
				CODE_SIGN_STYLE = Automatic;
				CURRENT_PROJECT_VERSION = 1;
				DEVELOPMENT_TEAM = Q798TC6D2D;
				GENERATE_INFOPLIST_FILE = YES;
				INFOPLIST_FILE = ios_study_bool/Info.plist;
				INFOPLIST_KEY_UIApplicationSupportsIndirectInputEvents = YES;
				INFOPLIST_KEY_UILaunchStoryboardName = LaunchScreen;
				INFOPLIST_KEY_UIMainStoryboardFile = Main;
				INFOPLIST_KEY_UISupportedInterfaceOrientations_iPad = "UIInterfaceOrientationPortrait UIInterfaceOrientationPortraitUpsideDown UIInterfaceOrientationLandscapeLeft UIInterfaceOrientationLandscapeRight";
				INFOPLIST_KEY_UISupportedInterfaceOrientations_iPhone = "UIInterfaceOrientationPortrait UIInterfaceOrientationLandscapeLeft UIInterfaceOrientationLandscapeRight";
				LD_RUNPATH_SEARCH_PATHS = (
					"$(inherited)",
					"@executable_path/Frameworks",
				);
				MARKETING_VERSION = 1.0;
				OTHER_LDFLAGS = (
					"$(inherited)",
					"-framework",
					"\"Foundation\"",
					"-framework",
					"\"Masonry\"",
					"-framework",
					"\"UIKit\"",
					"-fobjc-arc",
				);
				PRODUCT_BUNDLE_IDENTIFIER = "omo.ios-study-bool";
				PRODUCT_NAME = "$(TARGET_NAME)";
				SWIFT_EMIT_LOC_STRINGS = YES;
				SWIFT_OBJC_BRIDGING_HEADER = "ios_study_bool/oc实验室/初级/数据传递/src/ios_study_bool-Bridging-Header.h";
				SWIFT_OPTIMIZATION_LEVEL = "-Onone";
				SWIFT_VERSION = 5.0;
				TARGETED_DEVICE_FAMILY = "1,2";
			};
			name = Debug;
		};
		A07DF4C42B5427EE00D0275E /* Release */ = {
			isa = XCBuildConfiguration;
			baseConfigurationReference = 7ACC0FDE30B9677E90B67120 /* Pods-ios_study_bool.release.xcconfig */;
			buildSettings = {
				ASSETCATALOG_COMPILER_APPICON_NAME = AppIcon;
				ASSETCATALOG_COMPILER_GLOBAL_ACCENT_COLOR_NAME = AccentColor;
				CLANG_ENABLE_MODULES = YES;
				CODE_SIGN_STYLE = Automatic;
				CURRENT_PROJECT_VERSION = 1;
				DEVELOPMENT_TEAM = Q798TC6D2D;
				GENERATE_INFOPLIST_FILE = YES;
				INFOPLIST_FILE = ios_study_bool/Info.plist;
				INFOPLIST_KEY_UIApplicationSupportsIndirectInputEvents = YES;
				INFOPLIST_KEY_UILaunchStoryboardName = LaunchScreen;
				INFOPLIST_KEY_UIMainStoryboardFile = Main;
				INFOPLIST_KEY_UISupportedInterfaceOrientations_iPad = "UIInterfaceOrientationPortrait UIInterfaceOrientationPortraitUpsideDown UIInterfaceOrientationLandscapeLeft UIInterfaceOrientationLandscapeRight";
				INFOPLIST_KEY_UISupportedInterfaceOrientations_iPhone = "UIInterfaceOrientationPortrait UIInterfaceOrientationLandscapeLeft UIInterfaceOrientationLandscapeRight";
				LD_RUNPATH_SEARCH_PATHS = (
					"$(inherited)",
					"@executable_path/Frameworks",
				);
				MARKETING_VERSION = 1.0;
				OTHER_LDFLAGS = (
					"$(inherited)",
					"-framework",
					"\"Foundation\"",
					"-framework",
					"\"Masonry\"",
					"-framework",
					"\"UIKit\"",
					"-fobjc-arc",
				);
				PRODUCT_BUNDLE_IDENTIFIER = "omo.ios-study-bool";
				PRODUCT_NAME = "$(TARGET_NAME)";
				SWIFT_EMIT_LOC_STRINGS = YES;
				SWIFT_OBJC_BRIDGING_HEADER = "ios_study_bool/oc实验室/初级/数据传递/src/ios_study_bool-Bridging-Header.h";
				SWIFT_VERSION = 5.0;
				TARGETED_DEVICE_FAMILY = "1,2";
			};
			name = Release;
		};
		A07DF4C62B5427EE00D0275E /* Debug */ = {
			isa = XCBuildConfiguration;
			buildSettings = {
				BUNDLE_LOADER = "$(TEST_HOST)";
				CODE_SIGN_STYLE = Automatic;
				CURRENT_PROJECT_VERSION = 1;
				DEVELOPMENT_TEAM = Q798TC6D2D;
				GENERATE_INFOPLIST_FILE = YES;
				IPHONEOS_DEPLOYMENT_TARGET = 16.4;
				MARKETING_VERSION = 1.0;
				PRODUCT_BUNDLE_IDENTIFIER = "omo.ios-study-boolTests";
				PRODUCT_NAME = "$(TARGET_NAME)";
				SWIFT_EMIT_LOC_STRINGS = NO;
				TARGETED_DEVICE_FAMILY = "1,2";
				TEST_HOST = "$(BUILT_PRODUCTS_DIR)/ios_study_bool.app/$(BUNDLE_EXECUTABLE_FOLDER_PATH)/ios_study_bool";
			};
			name = Debug;
		};
		A07DF4C72B5427EE00D0275E /* Release */ = {
			isa = XCBuildConfiguration;
			buildSettings = {
				BUNDLE_LOADER = "$(TEST_HOST)";
				CODE_SIGN_STYLE = Automatic;
				CURRENT_PROJECT_VERSION = 1;
				DEVELOPMENT_TEAM = Q798TC6D2D;
				GENERATE_INFOPLIST_FILE = YES;
				IPHONEOS_DEPLOYMENT_TARGET = 16.4;
				MARKETING_VERSION = 1.0;
				PRODUCT_BUNDLE_IDENTIFIER = "omo.ios-study-boolTests";
				PRODUCT_NAME = "$(TARGET_NAME)";
				SWIFT_EMIT_LOC_STRINGS = NO;
				TARGETED_DEVICE_FAMILY = "1,2";
				TEST_HOST = "$(BUILT_PRODUCTS_DIR)/ios_study_bool.app/$(BUNDLE_EXECUTABLE_FOLDER_PATH)/ios_study_bool";
			};
			name = Release;
		};
		A07DF4C92B5427EE00D0275E /* Debug */ = {
			isa = XCBuildConfiguration;
			buildSettings = {
				CODE_SIGN_STYLE = Automatic;
				CURRENT_PROJECT_VERSION = 1;
				DEVELOPMENT_TEAM = Q798TC6D2D;
				GENERATE_INFOPLIST_FILE = YES;
				MARKETING_VERSION = 1.0;
				PRODUCT_BUNDLE_IDENTIFIER = "omo.ios-study-boolUITests";
				PRODUCT_NAME = "$(TARGET_NAME)";
				SWIFT_EMIT_LOC_STRINGS = NO;
				TARGETED_DEVICE_FAMILY = "1,2";
				TEST_TARGET_NAME = ios_study_bool;
			};
			name = Debug;
		};
		A07DF4CA2B5427EE00D0275E /* Release */ = {
			isa = XCBuildConfiguration;
			buildSettings = {
				CODE_SIGN_STYLE = Automatic;
				CURRENT_PROJECT_VERSION = 1;
				DEVELOPMENT_TEAM = Q798TC6D2D;
				GENERATE_INFOPLIST_FILE = YES;
				MARKETING_VERSION = 1.0;
				PRODUCT_BUNDLE_IDENTIFIER = "omo.ios-study-boolUITests";
				PRODUCT_NAME = "$(TARGET_NAME)";
				SWIFT_EMIT_LOC_STRINGS = NO;
				TARGETED_DEVICE_FAMILY = "1,2";
				TEST_TARGET_NAME = ios_study_bool;
			};
			name = Release;
		};
/* End XCBuildConfiguration section */

/* Begin XCConfigurationList section */
		A07DF48B2B5427ED00D0275E /* Build configuration list for PBXProject "ios_study_bool" */ = {
			isa = XCConfigurationList;
			buildConfigurations = (
				A07DF4C02B5427EE00D0275E /* Debug */,
				A07DF4C12B5427EE00D0275E /* Release */,
			);
			defaultConfigurationIsVisible = 0;
			defaultConfigurationName = Release;
		};
		A07DF4C22B5427EE00D0275E /* Build configuration list for PBXNativeTarget "ios_study_bool" */ = {
			isa = XCConfigurationList;
			buildConfigurations = (
				A07DF4C32B5427EE00D0275E /* Debug */,
				A07DF4C42B5427EE00D0275E /* Release */,
			);
			defaultConfigurationIsVisible = 0;
			defaultConfigurationName = Release;
		};
		A07DF4C52B5427EE00D0275E /* Build configuration list for PBXNativeTarget "ios_study_boolTests" */ = {
			isa = XCConfigurationList;
			buildConfigurations = (
				A07DF4C62B5427EE00D0275E /* Debug */,
				A07DF4C72B5427EE00D0275E /* Release */,
			);
			defaultConfigurationIsVisible = 0;
			defaultConfigurationName = Release;
		};
		A07DF4C82B5427EE00D0275E /* Build configuration list for PBXNativeTarget "ios_study_boolUITests" */ = {
			isa = XCConfigurationList;
			buildConfigurations = (
				A07DF4C92B5427EE00D0275E /* Debug */,
				A07DF4CA2B5427EE00D0275E /* Release */,
			);
			defaultConfigurationIsVisible = 0;
			defaultConfigurationName = Release;
		};
/* End XCConfigurationList section */

/* Begin XCVersionGroup section */
		A07DF49F2B5427ED00D0275E /* ios_study_bool.xcdatamodeld */ = {
			isa = XCVersionGroup;
			children = (
				A07DF4A02B5427ED00D0275E /* ios_study_bool.xcdatamodel */,
			);
			currentVersion = A07DF4A02B5427ED00D0275E /* ios_study_bool.xcdatamodel */;
			path = ios_study_bool.xcdatamodeld;
			sourceTree = "<group>";
			versionGroupType = wrapper.xcdatamodel;
		};
/* End XCVersionGroup section */
	};
	rootObject = A07DF4882B5427ED00D0275E /* Project object */;
}
